// !$*UTF8*$!
{
	archiveVersion = 1;
	classes = {
	};
	objectVersion = 55;
	objects = {

/* Begin PBXBuildFile section */
		91B273F9285B9B9400E73AE5 /* MatchIdependant WatchKit App.app in Embed Watch Content */ = {isa = PBXBuildFile; fileRef = 91B273F8285B9B9400E73AE5 /* MatchIdependant WatchKit App.app */; settings = {ATTRIBUTES = (RemoveHeadersOnCopy, ); }; };
		91B273FE285B9B9500E73AE5 /* Assets.xcassets in Resources */ = {isa = PBXBuildFile; fileRef = 91B273FD285B9B9500E73AE5 /* Assets.xcassets */; };
		91B27404285B9B9500E73AE5 /* MatchIdependant WatchKit Extension.appex in Embed App Extensions */ = {isa = PBXBuildFile; fileRef = 91B27403285B9B9500E73AE5 /* MatchIdependant WatchKit Extension.appex */; settings = {ATTRIBUTES = (RemoveHeadersOnCopy, ); }; };
		91B27409285B9B9500E73AE5 /* MatchIdependantApp.swift in Sources */ = {isa = PBXBuildFile; fileRef = 91B27408285B9B9500E73AE5 /* MatchIdependantApp.swift */; };
		91B2740B285B9B9500E73AE5 /* ContentView.swift in Sources */ = {isa = PBXBuildFile; fileRef = 91B2740A285B9B9500E73AE5 /* ContentView.swift */; };
		91B2740D285B9B9500E73AE5 /* NotificationController.swift in Sources */ = {isa = PBXBuildFile; fileRef = 91B2740C285B9B9500E73AE5 /* NotificationController.swift */; };
		91B2740F285B9B9500E73AE5 /* NotificationView.swift in Sources */ = {isa = PBXBuildFile; fileRef = 91B2740E285B9B9500E73AE5 /* NotificationView.swift */; };
		91B27411285B9B9500E73AE5 /* ComplicationController.swift in Sources */ = {isa = PBXBuildFile; fileRef = 91B27410285B9B9500E73AE5 /* ComplicationController.swift */; };
		91B27413285B9B9600E73AE5 /* Assets.xcassets in Resources */ = {isa = PBXBuildFile; fileRef = 91B27412285B9B9600E73AE5 /* Assets.xcassets */; };
		91B27416285B9B9600E73AE5 /* Preview Assets.xcassets in Resources */ = {isa = PBXBuildFile; fileRef = 91B27415285B9B9600E73AE5 /* Preview Assets.xcassets */; };
		91B27429285B9C7200E73AE5 /* ListView.swift in Sources */ = {isa = PBXBuildFile; fileRef = 91B27428285B9C7200E73AE5 /* ListView.swift */; };
		91B2742C285B9C9000E73AE5 /* MatchView.swift in Sources */ = {isa = PBXBuildFile; fileRef = 91B2742B285B9C9000E73AE5 /* MatchView.swift */; };
		91B2742E285B9D9300E73AE5 /* Flag.swift in Sources */ = {isa = PBXBuildFile; fileRef = 91B2742D285B9D9300E73AE5 /* Flag.swift */; };
		91B27430285B9F6000E73AE5 /* Match.swift in Sources */ = {isa = PBXBuildFile; fileRef = 91B2742F285B9F6000E73AE5 /* Match.swift */; };
		91B27432285B9F9800E73AE5 /* Team.swift in Sources */ = {isa = PBXBuildFile; fileRef = 91B27431285B9F9800E73AE5 /* Team.swift */; };
/* End PBXBuildFile section */

/* Begin PBXContainerItemProxy section */
		91B273FA285B9B9400E73AE5 /* PBXContainerItemProxy */ = {
			isa = PBXContainerItemProxy;
			containerPortal = 91B273EE285B9B9400E73AE5 /* Project object */;
			proxyType = 1;
			remoteGlobalIDString = 91B273F7285B9B9400E73AE5;
			remoteInfo = "MatchIdependant WatchKit App";
		};
		91B27405285B9B9500E73AE5 /* PBXContainerItemProxy */ = {
			isa = PBXContainerItemProxy;
			containerPortal = 91B273EE285B9B9400E73AE5 /* Project object */;
			proxyType = 1;
			remoteGlobalIDString = 91B27402285B9B9500E73AE5;
			remoteInfo = "MatchIdependant WatchKit Extension";
		};
/* End PBXContainerItemProxy section */

/* Begin PBXCopyFilesBuildPhase section */
		91B2741E285B9B9600E73AE5 /* Embed App Extensions */ = {
			isa = PBXCopyFilesBuildPhase;
			buildActionMask = 2147483647;
			dstPath = "";
			dstSubfolderSpec = 13;
			files = (
				91B27404285B9B9500E73AE5 /* MatchIdependant WatchKit Extension.appex in Embed App Extensions */,
			);
			name = "Embed App Extensions";
			runOnlyForDeploymentPostprocessing = 0;
		};
		91B27422285B9B9600E73AE5 /* Embed Watch Content */ = {
			isa = PBXCopyFilesBuildPhase;
			buildActionMask = 2147483647;
			dstPath = "$(CONTENTS_FOLDER_PATH)/Watch";
			dstSubfolderSpec = 16;
			files = (
				91B273F9285B9B9400E73AE5 /* MatchIdependant WatchKit App.app in Embed Watch Content */,
			);
			name = "Embed Watch Content";
			runOnlyForDeploymentPostprocessing = 0;
		};
/* End PBXCopyFilesBuildPhase section */

/* Begin PBXFileReference section */
		91B273F4285B9B9400E73AE5 /* MatchIdependant.app */ = {isa = PBXFileReference; explicitFileType = wrapper.application; includeInIndex = 0; path = MatchIdependant.app; sourceTree = BUILT_PRODUCTS_DIR; };
		91B273F8285B9B9400E73AE5 /* MatchIdependant WatchKit App.app */ = {isa = PBXFileReference; explicitFileType = wrapper.application; includeInIndex = 0; path = "MatchIdependant WatchKit App.app"; sourceTree = BUILT_PRODUCTS_DIR; };
		91B273FD285B9B9500E73AE5 /* Assets.xcassets */ = {isa = PBXFileReference; lastKnownFileType = folder.assetcatalog; path = Assets.xcassets; sourceTree = "<group>"; };
		91B27403285B9B9500E73AE5 /* MatchIdependant WatchKit Extension.appex */ = {isa = PBXFileReference; explicitFileType = "wrapper.app-extension"; includeInIndex = 0; path = "MatchIdependant WatchKit Extension.appex"; sourceTree = BUILT_PRODUCTS_DIR; };
		91B27408285B9B9500E73AE5 /* MatchIdependantApp.swift */ = {isa = PBXFileReference; lastKnownFileType = sourcecode.swift; path = MatchIdependantApp.swift; sourceTree = "<group>"; };
		91B2740A285B9B9500E73AE5 /* ContentView.swift */ = {isa = PBXFileReference; lastKnownFileType = sourcecode.swift; path = ContentView.swift; sourceTree = "<group>"; };
		91B2740C285B9B9500E73AE5 /* NotificationController.swift */ = {isa = PBXFileReference; lastKnownFileType = sourcecode.swift; path = NotificationController.swift; sourceTree = "<group>"; };
		91B2740E285B9B9500E73AE5 /* NotificationView.swift */ = {isa = PBXFileReference; lastKnownFileType = sourcecode.swift; path = NotificationView.swift; sourceTree = "<group>"; };
		91B27410285B9B9500E73AE5 /* ComplicationController.swift */ = {isa = PBXFileReference; lastKnownFileType = sourcecode.swift; path = ComplicationController.swift; sourceTree = "<group>"; };
		91B27412285B9B9600E73AE5 /* Assets.xcassets */ = {isa = PBXFileReference; lastKnownFileType = folder.assetcatalog; path = Assets.xcassets; sourceTree = "<group>"; };
		91B27415285B9B9600E73AE5 /* Preview Assets.xcassets */ = {isa = PBXFileReference; lastKnownFileType = folder.assetcatalog; path = "Preview Assets.xcassets"; sourceTree = "<group>"; };
		91B27417285B9B9600E73AE5 /* Info.plist */ = {isa = PBXFileReference; lastKnownFileType = text.plist.xml; path = Info.plist; sourceTree = "<group>"; };
		91B27418285B9B9600E73AE5 /* PushNotificationPayload.apns */ = {isa = PBXFileReference; lastKnownFileType = text; path = PushNotificationPayload.apns; sourceTree = "<group>"; };
		91B27428285B9C7200E73AE5 /* ListView.swift */ = {isa = PBXFileReference; lastKnownFileType = sourcecode.swift; path = ListView.swift; sourceTree = "<group>"; };
		91B2742B285B9C9000E73AE5 /* MatchView.swift */ = {isa = PBXFileReference; lastKnownFileType = sourcecode.swift; path = MatchView.swift; sourceTree = "<group>"; };
		91B2742D285B9D9300E73AE5 /* Flag.swift */ = {isa = PBXFileReference; lastKnownFileType = sourcecode.swift; path = Flag.swift; sourceTree = "<group>"; };
		91B2742F285B9F6000E73AE5 /* Match.swift */ = {isa = PBXFileReference; lastKnownFileType = sourcecode.swift; path = Match.swift; sourceTree = "<group>"; };
		91B27431285B9F9800E73AE5 /* Team.swift */ = {isa = PBXFileReference; lastKnownFileType = sourcecode.swift; path = Team.swift; sourceTree = "<group>"; };
/* End PBXFileReference section */

/* Begin PBXFrameworksBuildPhase section */
		91B27400285B9B9500E73AE5 /* Frameworks */ = {
			isa = PBXFrameworksBuildPhase;
			buildActionMask = 2147483647;
			files = (
			);
			runOnlyForDeploymentPostprocessing = 0;
		};
/* End PBXFrameworksBuildPhase section */

/* Begin PBXGroup section */
		91B273ED285B9B9400E73AE5 = {
			isa = PBXGroup;
			children = (
				91B273FC285B9B9400E73AE5 /* MatchIdependant WatchKit App */,
				91B27407285B9B9500E73AE5 /* MatchIdependant WatchKit Extension */,
				91B273F5285B9B9400E73AE5 /* Products */,
			);
			sourceTree = "<group>";
		};
		91B273F5285B9B9400E73AE5 /* Products */ = {
			isa = PBXGroup;
			children = (
				91B273F4285B9B9400E73AE5 /* MatchIdependant.app */,
				91B273F8285B9B9400E73AE5 /* MatchIdependant WatchKit App.app */,
				91B27403285B9B9500E73AE5 /* MatchIdependant WatchKit Extension.appex */,
			);
			name = Products;
			sourceTree = "<group>";
		};
		91B273FC285B9B9400E73AE5 /* MatchIdependant WatchKit App */ = {
			isa = PBXGroup;
			children = (
				91B273FD285B9B9500E73AE5 /* Assets.xcassets */,
			);
			path = "MatchIdependant WatchKit App";
			sourceTree = "<group>";
		};
		91B27407285B9B9500E73AE5 /* MatchIdependant WatchKit Extension */ = {
			isa = PBXGroup;
			children = (
				91B27433285BA6ED00E73AE5 /* Notifications */,
				91B27426285B9C5400E73AE5 /* Features */,
				91B27408285B9B9500E73AE5 /* MatchIdependantApp.swift */,
				91B2740A285B9B9500E73AE5 /* ContentView.swift */,
				91B27410285B9B9500E73AE5 /* ComplicationController.swift */,
				91B27412285B9B9600E73AE5 /* Assets.xcassets */,
				91B27417285B9B9600E73AE5 /* Info.plist */,
				91B27418285B9B9600E73AE5 /* PushNotificationPayload.apns */,
				91B27414285B9B9600E73AE5 /* Preview Content */,
			);
			path = "MatchIdependant WatchKit Extension";
			sourceTree = "<group>";
		};
		91B27414285B9B9600E73AE5 /* Preview Content */ = {
			isa = PBXGroup;
			children = (
				91B27415285B9B9600E73AE5 /* Preview Assets.xcassets */,
			);
			path = "Preview Content";
			sourceTree = "<group>";
		};
		91B27426285B9C5400E73AE5 /* Features */ = {
			isa = PBXGroup;
			children = (
				91B2742A285B9C7F00E73AE5 /* MatchScreen */,
				91B27427285B9C6200E73AE5 /* ListScreen */,
			);
			path = Features;
			sourceTree = "<group>";
		};
		91B27427285B9C6200E73AE5 /* ListScreen */ = {
			isa = PBXGroup;
			children = (
				91B27428285B9C7200E73AE5 /* ListView.swift */,
				91B2742D285B9D9300E73AE5 /* Flag.swift */,
			);
			path = ListScreen;
			sourceTree = "<group>";
		};
		91B2742A285B9C7F00E73AE5 /* MatchScreen */ = {
			isa = PBXGroup;
			children = (
				91B2742B285B9C9000E73AE5 /* MatchView.swift */,
				91B2742F285B9F6000E73AE5 /* Match.swift */,
				91B27431285B9F9800E73AE5 /* Team.swift */,
			);
			path = MatchScreen;
			sourceTree = "<group>";
		};
		91B27433285BA6ED00E73AE5 /* Notifications */ = {
			isa = PBXGroup;
			children = (
				91B2740C285B9B9500E73AE5 /* NotificationController.swift */,
				91B2740E285B9B9500E73AE5 /* NotificationView.swift */,
			);
			path = Notifications;
			sourceTree = "<group>";
		};
/* End PBXGroup section */

/* Begin PBXNativeTarget section */
		91B273F3285B9B9400E73AE5 /* MatchIdependant */ = {
			isa = PBXNativeTarget;
			buildConfigurationList = 91B27423285B9B9600E73AE5 /* Build configuration list for PBXNativeTarget "MatchIdependant" */;
			buildPhases = (
				91B273F2285B9B9400E73AE5 /* Resources */,
				91B27422285B9B9600E73AE5 /* Embed Watch Content */,
			);
			buildRules = (
			);
			dependencies = (
				91B273FB285B9B9400E73AE5 /* PBXTargetDependency */,
			);
			name = MatchIdependant;
			productName = MatchIdependant;
			productReference = 91B273F4285B9B9400E73AE5 /* MatchIdependant.app */;
			productType = "com.apple.product-type.application.watchapp2-container";
		};
		91B273F7285B9B9400E73AE5 /* MatchIdependant WatchKit App */ = {
			isa = PBXNativeTarget;
			buildConfigurationList = 91B2741F285B9B9600E73AE5 /* Build configuration list for PBXNativeTarget "MatchIdependant WatchKit App" */;
			buildPhases = (
				91B273F6285B9B9400E73AE5 /* Resources */,
				91B2741E285B9B9600E73AE5 /* Embed App Extensions */,
			);
			buildRules = (
			);
			dependencies = (
				91B27406285B9B9500E73AE5 /* PBXTargetDependency */,
			);
			name = "MatchIdependant WatchKit App";
			productName = "MatchIdependant WatchKit App";
			productReference = 91B273F8285B9B9400E73AE5 /* MatchIdependant WatchKit App.app */;
			productType = "com.apple.product-type.application.watchapp2";
		};
		91B27402285B9B9500E73AE5 /* MatchIdependant WatchKit Extension */ = {
			isa = PBXNativeTarget;
			buildConfigurationList = 91B2741B285B9B9600E73AE5 /* Build configuration list for PBXNativeTarget "MatchIdependant WatchKit Extension" */;
			buildPhases = (
				91B273FF285B9B9500E73AE5 /* Sources */,
				91B27400285B9B9500E73AE5 /* Frameworks */,
				91B27401285B9B9500E73AE5 /* Resources */,
			);
			buildRules = (
			);
			dependencies = (
			);
			name = "MatchIdependant WatchKit Extension";
			productName = "MatchIdependant WatchKit Extension";
			productReference = 91B27403285B9B9500E73AE5 /* MatchIdependant WatchKit Extension.appex */;
			productType = "com.apple.product-type.watchkit2-extension";
		};
/* End PBXNativeTarget section */

/* Begin PBXProject section */
		91B273EE285B9B9400E73AE5 /* Project object */ = {
			isa = PBXProject;
			attributes = {
				BuildIndependentTargetsInParallel = 1;
				LastSwiftUpdateCheck = 1330;
				LastUpgradeCheck = 1330;
				TargetAttributes = {
					91B273F3285B9B9400E73AE5 = {
						CreatedOnToolsVersion = 13.3.1;
					};
					91B273F7285B9B9400E73AE5 = {
						CreatedOnToolsVersion = 13.3.1;
					};
					91B27402285B9B9500E73AE5 = {
						CreatedOnToolsVersion = 13.3.1;
					};
				};
			};
			buildConfigurationList = 91B273F1285B9B9400E73AE5 /* Build configuration list for PBXProject "MatchIdependant" */;
			compatibilityVersion = "Xcode 13.0";
			developmentRegion = en;
			hasScannedForEncodings = 0;
			knownRegions = (
				en,
				Base,
			);
			mainGroup = 91B273ED285B9B9400E73AE5;
			productRefGroup = 91B273F5285B9B9400E73AE5 /* Products */;
			projectDirPath = "";
			projectRoot = "";
			targets = (
				91B273F3285B9B9400E73AE5 /* MatchIdependant */,
				91B273F7285B9B9400E73AE5 /* MatchIdependant WatchKit App */,
				91B27402285B9B9500E73AE5 /* MatchIdependant WatchKit Extension */,
			);
		};
/* End PBXProject section */

/* Begin PBXResourcesBuildPhase section */
		91B273F2285B9B9400E73AE5 /* Resources */ = {
			isa = PBXResourcesBuildPhase;
			buildActionMask = 2147483647;
			files = (
			);
			runOnlyForDeploymentPostprocessing = 0;
		};
		91B273F6285B9B9400E73AE5 /* Resources */ = {
			isa = PBXResourcesBuildPhase;
			buildActionMask = 2147483647;
			files = (
				91B273FE285B9B9500E73AE5 /* Assets.xcassets in Resources */,
			);
			runOnlyForDeploymentPostprocessing = 0;
		};
		91B27401285B9B9500E73AE5 /* Resources */ = {
			isa = PBXResourcesBuildPhase;
			buildActionMask = 2147483647;
			files = (
				91B27416285B9B9600E73AE5 /* Preview Assets.xcassets in Resources */,
				91B27413285B9B9600E73AE5 /* Assets.xcassets in Resources */,
			);
			runOnlyForDeploymentPostprocessing = 0;
		};
/* End PBXResourcesBuildPhase section */

/* Begin PBXSourcesBuildPhase section */
		91B273FF285B9B9500E73AE5 /* Sources */ = {
			isa = PBXSourcesBuildPhase;
			buildActionMask = 2147483647;
			files = (
				91B2740D285B9B9500E73AE5 /* NotificationController.swift in Sources */,
				91B2740B285B9B9500E73AE5 /* ContentView.swift in Sources */,
				91B27430285B9F6000E73AE5 /* Match.swift in Sources */,
				91B27429285B9C7200E73AE5 /* ListView.swift in Sources */,
				91B27411285B9B9500E73AE5 /* ComplicationController.swift in Sources */,
				91B2742C285B9C9000E73AE5 /* MatchView.swift in Sources */,
				91B27409285B9B9500E73AE5 /* MatchIdependantApp.swift in Sources */,
				91B2740F285B9B9500E73AE5 /* NotificationView.swift in Sources */,
				91B27432285B9F9800E73AE5 /* Team.swift in Sources */,
				91B2742E285B9D9300E73AE5 /* Flag.swift in Sources */,
			);
			runOnlyForDeploymentPostprocessing = 0;
		};
/* End PBXSourcesBuildPhase section */

/* Begin PBXTargetDependency section */
		91B273FB285B9B9400E73AE5 /* PBXTargetDependency */ = {
			isa = PBXTargetDependency;
			target = 91B273F7285B9B9400E73AE5 /* MatchIdependant WatchKit App */;
			targetProxy = 91B273FA285B9B9400E73AE5 /* PBXContainerItemProxy */;
		};
		91B27406285B9B9500E73AE5 /* PBXTargetDependency */ = {
			isa = PBXTargetDependency;
			target = 91B27402285B9B9500E73AE5 /* MatchIdependant WatchKit Extension */;
			targetProxy = 91B27405285B9B9500E73AE5 /* PBXContainerItemProxy */;
		};
/* End PBXTargetDependency section */

/* Begin XCBuildConfiguration section */
		91B27419285B9B9600E73AE5 /* Debug */ = {
			isa = XCBuildConfiguration;
			buildSettings = {
				ALWAYS_SEARCH_USER_PATHS = NO;
				CLANG_ANALYZER_NONNULL = YES;
				CLANG_ANALYZER_NUMBER_OBJECT_CONVERSION = YES_AGGRESSIVE;
				CLANG_CXX_LANGUAGE_STANDARD = "gnu++17";
				CLANG_ENABLE_MODULES = YES;
				CLANG_ENABLE_OBJC_ARC = YES;
				CLANG_ENABLE_OBJC_WEAK = YES;
				CLANG_WARN_BLOCK_CAPTURE_AUTORELEASING = YES;
				CLANG_WARN_BOOL_CONVERSION = YES;
				CLANG_WARN_COMMA = YES;
				CLANG_WARN_CONSTANT_CONVERSION = YES;
				CLANG_WARN_DEPRECATED_OBJC_IMPLEMENTATIONS = YES;
				CLANG_WARN_DIRECT_OBJC_ISA_USAGE = YES_ERROR;
				CLANG_WARN_DOCUMENTATION_COMMENTS = YES;
				CLANG_WARN_EMPTY_BODY = YES;
				CLANG_WARN_ENUM_CONVERSION = YES;
				CLANG_WARN_INFINITE_RECURSION = YES;
				CLANG_WARN_INT_CONVERSION = YES;
				CLANG_WARN_NON_LITERAL_NULL_CONVERSION = YES;
				CLANG_WARN_OBJC_IMPLICIT_RETAIN_SELF = YES;
				CLANG_WARN_OBJC_LITERAL_CONVERSION = YES;
				CLANG_WARN_OBJC_ROOT_CLASS = YES_ERROR;
				CLANG_WARN_QUOTED_INCLUDE_IN_FRAMEWORK_HEADER = YES;
				CLANG_WARN_RANGE_LOOP_ANALYSIS = YES;
				CLANG_WARN_STRICT_PROTOTYPES = YES;
				CLANG_WARN_SUSPICIOUS_MOVE = YES;
				CLANG_WARN_UNGUARDED_AVAILABILITY = YES_AGGRESSIVE;
				CLANG_WARN_UNREACHABLE_CODE = YES;
				CLANG_WARN__DUPLICATE_METHOD_MATCH = YES;
				COPY_PHASE_STRIP = NO;
				DEBUG_INFORMATION_FORMAT = dwarf;
				ENABLE_STRICT_OBJC_MSGSEND = YES;
				ENABLE_TESTABILITY = YES;
				GCC_C_LANGUAGE_STANDARD = gnu11;
				GCC_DYNAMIC_NO_PIC = NO;
				GCC_NO_COMMON_BLOCKS = YES;
				GCC_OPTIMIZATION_LEVEL = 0;
				GCC_PREPROCESSOR_DEFINITIONS = (
					"DEBUG=1",
					"$(inherited)",
				);
				GCC_WARN_64_TO_32_BIT_CONVERSION = YES;
				GCC_WARN_ABOUT_RETURN_TYPE = YES_ERROR;
				GCC_WARN_UNDECLARED_SELECTOR = YES;
				GCC_WARN_UNINITIALIZED_AUTOS = YES_AGGRESSIVE;
				GCC_WARN_UNUSED_FUNCTION = YES;
				GCC_WARN_UNUSED_VARIABLE = YES;
				MTL_ENABLE_DEBUG_INFO = INCLUDE_SOURCE;
				MTL_FAST_MATH = YES;
				ONLY_ACTIVE_ARCH = YES;
				SDKROOT = iphoneos;
				SWIFT_ACTIVE_COMPILATION_CONDITIONS = DEBUG;
				SWIFT_OPTIMIZATION_LEVEL = "-Onone";
			};
			name = Debug;
		};
		91B2741A285B9B9600E73AE5 /* Release */ = {
			isa = XCBuildConfiguration;
			buildSettings = {
				ALWAYS_SEARCH_USER_PATHS = NO;
				CLANG_ANALYZER_NONNULL = YES;
				CLANG_ANALYZER_NUMBER_OBJECT_CONVERSION = YES_AGGRESSIVE;
				CLANG_CXX_LANGUAGE_STANDARD = "gnu++17";
				CLANG_ENABLE_MODULES = YES;
				CLANG_ENABLE_OBJC_ARC = YES;
				CLANG_ENABLE_OBJC_WEAK = YES;
				CLANG_WARN_BLOCK_CAPTURE_AUTORELEASING = YES;
				CLANG_WARN_BOOL_CONVERSION = YES;
				CLANG_WARN_COMMA = YES;
				CLANG_WARN_CONSTANT_CONVERSION = YES;
				CLANG_WARN_DEPRECATED_OBJC_IMPLEMENTATIONS = YES;
				CLANG_WARN_DIRECT_OBJC_ISA_USAGE = YES_ERROR;
				CLANG_WARN_DOCUMENTATION_COMMENTS = YES;
				CLANG_WARN_EMPTY_BODY = YES;
				CLANG_WARN_ENUM_CONVERSION = YES;
				CLANG_WARN_INFINITE_RECURSION = YES;
				CLANG_WARN_INT_CONVERSION = YES;
				CLANG_WARN_NON_LITERAL_NULL_CONVERSION = YES;
				CLANG_WARN_OBJC_IMPLICIT_RETAIN_SELF = YES;
				CLANG_WARN_OBJC_LITERAL_CONVERSION = YES;
				CLANG_WARN_OBJC_ROOT_CLASS = YES_ERROR;
				CLANG_WARN_QUOTED_INCLUDE_IN_FRAMEWORK_HEADER = YES;
				CLANG_WARN_RANGE_LOOP_ANALYSIS = YES;
				CLANG_WARN_STRICT_PROTOTYPES = YES;
				CLANG_WARN_SUSPICIOUS_MOVE = YES;
				CLANG_WARN_UNGUARDED_AVAILABILITY = YES_AGGRESSIVE;
				CLANG_WARN_UNREACHABLE_CODE = YES;
				CLANG_WARN__DUPLICATE_METHOD_MATCH = YES;
				COPY_PHASE_STRIP = NO;
				DEBUG_INFORMATION_FORMAT = "dwarf-with-dsym";
				ENABLE_NS_ASSERTIONS = NO;
				ENABLE_STRICT_OBJC_MSGSEND = YES;
				GCC_C_LANGUAGE_STANDARD = gnu11;
				GCC_NO_COMMON_BLOCKS = YES;
				GCC_WARN_64_TO_32_BIT_CONVERSION = YES;
				GCC_WARN_ABOUT_RETURN_TYPE = YES_ERROR;
				GCC_WARN_UNDECLARED_SELECTOR = YES;
				GCC_WARN_UNINITIALIZED_AUTOS = YES_AGGRESSIVE;
				GCC_WARN_UNUSED_FUNCTION = YES;
				GCC_WARN_UNUSED_VARIABLE = YES;
				MTL_ENABLE_DEBUG_INFO = NO;
				MTL_FAST_MATH = YES;
				SDKROOT = iphoneos;
				SWIFT_COMPILATION_MODE = wholemodule;
				SWIFT_OPTIMIZATION_LEVEL = "-O";
				VALIDATE_PRODUCT = YES;
			};
			name = Release;
		};
		91B2741C285B9B9600E73AE5 /* Debug */ = {
			isa = XCBuildConfiguration;
			buildSettings = {
				ASSETCATALOG_COMPILER_COMPLICATION_NAME = Complication;
				CODE_SIGN_STYLE = Automatic;
				CURRENT_PROJECT_VERSION = 1;
				DEVELOPMENT_ASSET_PATHS = "\"MatchIdependant WatchKit Extension/Preview Content\"";
				DEVELOPMENT_TEAM = ZWXN4J2VCP;
				ENABLE_PREVIEWS = YES;
				GENERATE_INFOPLIST_FILE = YES;
				INFOPLIST_FILE = "MatchIdependant WatchKit Extension/Info.plist";
				INFOPLIST_KEY_CFBundleDisplayName = "MatchIdependant WatchKit Extension";
				INFOPLIST_KEY_CLKComplicationPrincipalClass = "$(PRODUCT_MODULE_NAME).ComplicationController";
				INFOPLIST_KEY_NSHumanReadableCopyright = "";
				INFOPLIST_KEY_WKWatchOnly = YES;
				LD_RUNPATH_SEARCH_PATHS = (
					"$(inherited)",
					"@executable_path/Frameworks",
					"@executable_path/../../Frameworks",
				);
				MARKETING_VERSION = 1.0;
				PRODUCT_BUNDLE_IDENTIFIER = com.nikolai.MatchIdependant.watchkitapp.watchkitextension;
				PRODUCT_NAME = "${TARGET_NAME}";
				SDKROOT = watchos;
				SKIP_INSTALL = YES;
				SWIFT_EMIT_LOC_STRINGS = YES;
				SWIFT_VERSION = 5.0;
				TARGETED_DEVICE_FAMILY = 4;
				WATCHOS_DEPLOYMENT_TARGET = 8.5;
			};
			name = Debug;
		};
		91B2741D285B9B9600E73AE5 /* Release */ = {
			isa = XCBuildConfiguration;
			buildSettings = {
				ASSETCATALOG_COMPILER_COMPLICATION_NAME = Complication;
				CODE_SIGN_STYLE = Automatic;
				CURRENT_PROJECT_VERSION = 1;
				DEVELOPMENT_ASSET_PATHS = "\"MatchIdependant WatchKit Extension/Preview Content\"";
				DEVELOPMENT_TEAM = ZWXN4J2VCP;
				ENABLE_PREVIEWS = YES;
				GENERATE_INFOPLIST_FILE = YES;
				INFOPLIST_FILE = "MatchIdependant WatchKit Extension/Info.plist";
				INFOPLIST_KEY_CFBundleDisplayName = "MatchIdependant WatchKit Extension";
				INFOPLIST_KEY_CLKComplicationPrincipalClass = "$(PRODUCT_MODULE_NAME).ComplicationController";
				INFOPLIST_KEY_NSHumanReadableCopyright = "";
				INFOPLIST_KEY_WKWatchOnly = YES;
				LD_RUNPATH_SEARCH_PATHS = (
					"$(inherited)",
					"@executable_path/Frameworks",
					"@executable_path/../../Frameworks",
				);
				MARKETING_VERSION = 1.0;
				PRODUCT_BUNDLE_IDENTIFIER = com.nikolai.MatchIdependant.watchkitapp.watchkitextension;
				PRODUCT_NAME = "${TARGET_NAME}";
				SDKROOT = watchos;
				SKIP_INSTALL = YES;
				SWIFT_EMIT_LOC_STRINGS = YES;
				SWIFT_VERSION = 5.0;
				TARGETED_DEVICE_FAMILY = 4;
				WATCHOS_DEPLOYMENT_TARGET = 8.5;
			};
			name = Release;
		};
		91B27420285B9B9600E73AE5 /* Debug */ = {
			isa = XCBuildConfiguration;
			buildSettings = {
				ALWAYS_EMBED_SWIFT_STANDARD_LIBRARIES = YES;
				ASSETCATALOG_COMPILER_APPICON_NAME = AppIcon;
				ASSETCATALOG_COMPILER_GLOBAL_ACCENT_COLOR_NAME = AccentColor;
				CODE_SIGN_STYLE = Automatic;
				CURRENT_PROJECT_VERSION = 1;
				DEVELOPMENT_TEAM = ZWXN4J2VCP;
				GENERATE_INFOPLIST_FILE = YES;
				IBSC_MODULE = MatchIdependant_WatchKit_Extension;
				INFOPLIST_KEY_CFBundleDisplayName = "MatchIdependant WatchKit App";
				INFOPLIST_KEY_UISupportedInterfaceOrientations = "UIInterfaceOrientationPortrait UIInterfaceOrientationPortraitUpsideDown";
				MARKETING_VERSION = 1.0;
				PRODUCT_BUNDLE_IDENTIFIER = com.nikolai.MatchIdependant.watchkitapp;
				PRODUCT_NAME = "$(TARGET_NAME)";
				SDKROOT = watchos;
				SKIP_INSTALL = YES;
				SWIFT_EMIT_LOC_STRINGS = YES;
				SWIFT_VERSION = 5.0;
				TARGETED_DEVICE_FAMILY = 4;
				WATCHOS_DEPLOYMENT_TARGET = 8.5;
			};
			name = Debug;
		};
		91B27421285B9B9600E73AE5 /* Release */ = {
			isa = XCBuildConfiguration;
			buildSettings = {
				ALWAYS_EMBED_SWIFT_STANDARD_LIBRARIES = YES;
				ASSETCATALOG_COMPILER_APPICON_NAME = AppIcon;
				ASSETCATALOG_COMPILER_GLOBAL_ACCENT_COLOR_NAME = AccentColor;
				CODE_SIGN_STYLE = Automatic;
				CURRENT_PROJECT_VERSION = 1;
				DEVELOPMENT_TEAM = ZWXN4J2VCP;
				GENERATE_INFOPLIST_FILE = YES;
				IBSC_MODULE = MatchIdependant_WatchKit_Extension;
				INFOPLIST_KEY_CFBundleDisplayName = "MatchIdependant WatchKit App";
				INFOPLIST_KEY_UISupportedInterfaceOrientations = "UIInterfaceOrientationPortrait UIInterfaceOrientationPortraitUpsideDown";
				MARKETING_VERSION = 1.0;
				PRODUCT_BUNDLE_IDENTIFIER = com.nikolai.MatchIdependant.watchkitapp;
				PRODUCT_NAME = "$(TARGET_NAME)";
				SDKROOT = watchos;
				SKIP_INSTALL = YES;
				SWIFT_EMIT_LOC_STRINGS = YES;
				SWIFT_VERSION = 5.0;
				TARGETED_DEVICE_FAMILY = 4;
				WATCHOS_DEPLOYMENT_TARGET = 8.5;
			};
			name = Release;
		};
		91B27424285B9B9600E73AE5 /* Debug */ = {
			isa = XCBuildConfiguration;
			buildSettings = {
				CODE_SIGN_STYLE = Automatic;
				CURRENT_PROJECT_VERSION = 1;
				DEVELOPMENT_TEAM = ZWXN4J2VCP;
				MARKETING_VERSION = 1.0;
				PRODUCT_BUNDLE_IDENTIFIER = com.nikolai.MatchIdependant;
				PRODUCT_NAME = "$(TARGET_NAME)";
				SWIFT_VERSION = 5.0;
			};
			name = Debug;
		};
		91B27425285B9B9600E73AE5 /* Release */ = {
			isa = XCBuildConfiguration;
			buildSettings = {
				CODE_SIGN_STYLE = Automatic;
				CURRENT_PROJECT_VERSION = 1;
				DEVELOPMENT_TEAM = ZWXN4J2VCP;
				MARKETING_VERSION = 1.0;
				PRODUCT_BUNDLE_IDENTIFIER = com.nikolai.MatchIdependant;
				PRODUCT_NAME = "$(TARGET_NAME)";
				SWIFT_VERSION = 5.0;
			};
			name = Release;
		};
/* End XCBuildConfiguration section */

/* Begin XCConfigurationList section */
		91B273F1285B9B9400E73AE5 /* Build configuration list for PBXProject "MatchIdependant" */ = {
			isa = XCConfigurationList;
			buildConfigurations = (
				91B27419285B9B9600E73AE5 /* Debug */,
				91B2741A285B9B9600E73AE5 /* Release */,
			);
			defaultConfigurationIsVisible = 0;
			defaultConfigurationName = Release;
		};
		91B2741B285B9B9600E73AE5 /* Build configuration list for PBXNativeTarget "MatchIdependant WatchKit Extension" */ = {
			isa = XCConfigurationList;
			buildConfigurations = (
				91B2741C285B9B9600E73AE5 /* Debug */,
				91B2741D285B9B9600E73AE5 /* Release */,
			);
			defaultConfigurationIsVisible = 0;
			defaultConfigurationName = Release;
		};
		91B2741F285B9B9600E73AE5 /* Build configuration list for PBXNativeTarget "MatchIdependant WatchKit App" */ = {
			isa = XCConfigurationList;
			buildConfigurations = (
				91B27420285B9B9600E73AE5 /* Debug */,
				91B27421285B9B9600E73AE5 /* Release */,
			);
			defaultConfigurationIsVisible = 0;
			defaultConfigurationName = Release;
		};
		91B27423285B9B9600E73AE5 /* Build configuration list for PBXNativeTarget "MatchIdependant" */ = {
			isa = XCConfigurationList;
			buildConfigurations = (
				91B27424285B9B9600E73AE5 /* Debug */,
				91B27425285B9B9600E73AE5 /* Release */,
			);
			defaultConfigurationIsVisible = 0;
			defaultConfigurationName = Release;
		};
/* End XCConfigurationList section */
	};
	rootObject = 91B273EE285B9B9400E73AE5 /* Project object */;
}
