// !$*UTF8*$!
{
	archiveVersion = 1;
	classes = {
	};
	objectVersion = 56;
	objects = {

/* Begin PBXBuildFile section */
		91EC32D72BD536F000B6EB1A /* SimpleWayTypes.swift in Sources */ = {isa = PBXBuildFile; fileRef = 91EC32D62BD536F000B6EB1A /* SimpleWayTypes.swift */; };
		91EC32D92BD5371B00B6EB1A /* SimpleWayReducer.swift in Sources */ = {isa = PBXBuildFile; fileRef = 91EC32D82BD5371B00B6EB1A /* SimpleWayReducer.swift */; };
		91EC32DB2BD5393000B6EB1A /* ChildViewsReducers.swift in Sources */ = {isa = PBXBuildFile; fileRef = 91EC32DA2BD5393000B6EB1A /* ChildViewsReducers.swift */; };
		9880C30C2BD19C8D005A7E64 /* NavigationExampleApp.swift in Sources */ = {isa = PBXBuildFile; fileRef = 9880C30B2BD19C8D005A7E64 /* NavigationExampleApp.swift */; };
		9880C30E2BD19C8D005A7E64 /* ContentView.swift in Sources */ = {isa = PBXBuildFile; fileRef = 9880C30D2BD19C8D005A7E64 /* ContentView.swift */; };
		9880C3102BD19C8E005A7E64 /* Assets.xcassets in Resources */ = {isa = PBXBuildFile; fileRef = 9880C30F2BD19C8E005A7E64 /* Assets.xcassets */; };
		9880C3132BD19C8E005A7E64 /* Preview Assets.xcassets in Resources */ = {isa = PBXBuildFile; fileRef = 9880C3122BD19C8E005A7E64 /* Preview Assets.xcassets */; };
		9880C31B2BD19CF3005A7E64 /* ComposableArchitecture in Frameworks */ = {isa = PBXBuildFile; productRef = 9880C31A2BD19CF3005A7E64 /* ComposableArchitecture */; };
		98BAAE832BD2260E007439B6 /* FirstView.swift in Sources */ = {isa = PBXBuildFile; fileRef = 98BAAE822BD2260E007439B6 /* FirstView.swift */; };
		98BAAE852BD22627007439B6 /* SecondView.swift in Sources */ = {isa = PBXBuildFile; fileRef = 98BAAE842BD22627007439B6 /* SecondView.swift */; };
		98BAAE872BD22642007439B6 /* ThirdView.swift in Sources */ = {isa = PBXBuildFile; fileRef = 98BAAE862BD22642007439B6 /* ThirdView.swift */; };
		98BAAE892BD22680007439B6 /* MainSimpleView.swift in Sources */ = {isa = PBXBuildFile; fileRef = 98BAAE882BD22680007439B6 /* MainSimpleView.swift */; };
/* End PBXBuildFile section */

/* Begin PBXFileReference section */
		91EC32D62BD536F000B6EB1A /* SimpleWayTypes.swift */ = {isa = PBXFileReference; lastKnownFileType = sourcecode.swift; path = SimpleWayTypes.swift; sourceTree = "<group>"; };
		91EC32D82BD5371B00B6EB1A /* SimpleWayReducer.swift */ = {isa = PBXFileReference; lastKnownFileType = sourcecode.swift; path = SimpleWayReducer.swift; sourceTree = "<group>"; };
		91EC32DA2BD5393000B6EB1A /* ChildViewsReducers.swift */ = {isa = PBXFileReference; lastKnownFileType = sourcecode.swift; path = ChildViewsReducers.swift; sourceTree = "<group>"; };
		9880C3082BD19C8D005A7E64 /* NavigationExample.app */ = {isa = PBXFileReference; explicitFileType = wrapper.application; includeInIndex = 0; path = NavigationExample.app; sourceTree = BUILT_PRODUCTS_DIR; };
		9880C30B2BD19C8D005A7E64 /* NavigationExampleApp.swift */ = {isa = PBXFileReference; lastKnownFileType = sourcecode.swift; path = NavigationExampleApp.swift; sourceTree = "<group>"; };
		9880C30D2BD19C8D005A7E64 /* ContentView.swift */ = {isa = PBXFileReference; lastKnownFileType = sourcecode.swift; path = ContentView.swift; sourceTree = "<group>"; };
		9880C30F2BD19C8E005A7E64 /* Assets.xcassets */ = {isa = PBXFileReference; lastKnownFileType = folder.assetcatalog; path = Assets.xcassets; sourceTree = "<group>"; };
		9880C3122BD19C8E005A7E64 /* Preview Assets.xcassets */ = {isa = PBXFileReference; lastKnownFileType = folder.assetcatalog; path = "Preview Assets.xcassets"; sourceTree = "<group>"; };
		98BAAE822BD2260E007439B6 /* FirstView.swift */ = {isa = PBXFileReference; lastKnownFileType = sourcecode.swift; path = FirstView.swift; sourceTree = "<group>"; };
		98BAAE842BD22627007439B6 /* SecondView.swift */ = {isa = PBXFileReference; lastKnownFileType = sourcecode.swift; path = SecondView.swift; sourceTree = "<group>"; };
		98BAAE862BD22642007439B6 /* ThirdView.swift */ = {isa = PBXFileReference; lastKnownFileType = sourcecode.swift; path = ThirdView.swift; sourceTree = "<group>"; };
		98BAAE882BD22680007439B6 /* MainSimpleView.swift */ = {isa = PBXFileReference; lastKnownFileType = sourcecode.swift; path = MainSimpleView.swift; sourceTree = "<group>"; };
/* End PBXFileReference section */

/* Begin PBXFrameworksBuildPhase section */
		9880C3052BD19C8D005A7E64 /* Frameworks */ = {
			isa = PBXFrameworksBuildPhase;
			buildActionMask = 2147483647;
			files = (
				9880C31B2BD19CF3005A7E64 /* ComposableArchitecture in Frameworks */,
			);
			runOnlyForDeploymentPostprocessing = 0;
		};
/* End PBXFrameworksBuildPhase section */

/* Begin PBXGroup section */
		91EC32D42BD536D400B6EB1A /* Store */ = {
			isa = PBXGroup;
			children = (
				91EC32D82BD5371B00B6EB1A /* SimpleWayReducer.swift */,
				91EC32DA2BD5393000B6EB1A /* ChildViewsReducers.swift */,
			);
			path = Store;
			sourceTree = "<group>";
		};
		91EC32D52BD536DB00B6EB1A /* Model */ = {
			isa = PBXGroup;
			children = (
				91EC32D62BD536F000B6EB1A /* SimpleWayTypes.swift */,
			);
			path = Model;
			sourceTree = "<group>";
		};
		9880C2FF2BD19C8D005A7E64 = {
			isa = PBXGroup;
			children = (
				9880C30A2BD19C8D005A7E64 /* NavigationExample */,
				9880C3092BD19C8D005A7E64 /* Products */,
			);
			sourceTree = "<group>";
		};
		9880C3092BD19C8D005A7E64 /* Products */ = {
			isa = PBXGroup;
			children = (
				9880C3082BD19C8D005A7E64 /* NavigationExample.app */,
			);
			name = Products;
			sourceTree = "<group>";
		};
		9880C30A2BD19C8D005A7E64 /* NavigationExample */ = {
			isa = PBXGroup;
			children = (
				98BAAE802BD225F5007439B6 /* SimpleWay */,
				9880C30B2BD19C8D005A7E64 /* NavigationExampleApp.swift */,
				9880C30D2BD19C8D005A7E64 /* ContentView.swift */,
				9880C30F2BD19C8E005A7E64 /* Assets.xcassets */,
				9880C3112BD19C8E005A7E64 /* Preview Content */,
			);
			path = NavigationExample;
			sourceTree = "<group>";
		};
		9880C3112BD19C8E005A7E64 /* Preview Content */ = {
			isa = PBXGroup;
			children = (
				9880C3122BD19C8E005A7E64 /* Preview Assets.xcassets */,
			);
			path = "Preview Content";
			sourceTree = "<group>";
		};
		98BAAE802BD225F5007439B6 /* SimpleWay */ = {
			isa = PBXGroup;
			children = (
				91EC32D52BD536DB00B6EB1A /* Model */,
				91EC32D42BD536D400B6EB1A /* Store */,
				98BAAE812BD225FD007439B6 /* Views */,
				98BAAE882BD22680007439B6 /* MainSimpleView.swift */,
			);
			path = SimpleWay;
			sourceTree = "<group>";
		};
		98BAAE812BD225FD007439B6 /* Views */ = {
			isa = PBXGroup;
			children = (
				98BAAE822BD2260E007439B6 /* FirstView.swift */,
				98BAAE842BD22627007439B6 /* SecondView.swift */,
				98BAAE862BD22642007439B6 /* ThirdView.swift */,
			);
			path = Views;
			sourceTree = "<group>";
		};
/* End PBXGroup section */

/* Begin PBXNativeTarget section */
		9880C3072BD19C8D005A7E64 /* NavigationExample */ = {
			isa = PBXNativeTarget;
			buildConfigurationList = 9880C3162BD19C8E005A7E64 /* Build configuration list for PBXNativeTarget "NavigationExample" */;
			buildPhases = (
				9880C3042BD19C8D005A7E64 /* Sources */,
				9880C3052BD19C8D005A7E64 /* Frameworks */,
				9880C3062BD19C8D005A7E64 /* Resources */,
			);
			buildRules = (
			);
			dependencies = (
			);
			name = NavigationExample;
			packageProductDependencies = (
				9880C31A2BD19CF3005A7E64 /* ComposableArchitecture */,
			);
			productName = NavigationExample;
			productReference = 9880C3082BD19C8D005A7E64 /* NavigationExample.app */;
			productType = "com.apple.product-type.application";
		};
/* End PBXNativeTarget section */

/* Begin PBXProject section */
		9880C3002BD19C8D005A7E64 /* Project object */ = {
			isa = PBXProject;
			attributes = {
				BuildIndependentTargetsInParallel = 1;
				LastSwiftUpdateCheck = 1530;
				LastUpgradeCheck = 1530;
				TargetAttributes = {
					9880C3072BD19C8D005A7E64 = {
						CreatedOnToolsVersion = 15.3;
					};
				};
			};
			buildConfigurationList = 9880C3032BD19C8D005A7E64 /* Build configuration list for PBXProject "NavigationExample" */;
			compatibilityVersion = "Xcode 14.0";
			developmentRegion = en;
			hasScannedForEncodings = 0;
			knownRegions = (
				en,
				Base,
			);
			mainGroup = 9880C2FF2BD19C8D005A7E64;
			packageReferences = (
				9880C3192BD19CF3005A7E64 /* XCRemoteSwiftPackageReference "swift-composable-architecture" */,
			);
			productRefGroup = 9880C3092BD19C8D005A7E64 /* Products */;
			projectDirPath = "";
			projectRoot = "";
			targets = (
				9880C3072BD19C8D005A7E64 /* NavigationExample */,
			);
		};
/* End PBXProject section */

/* Begin PBXResourcesBuildPhase section */
		9880C3062BD19C8D005A7E64 /* Resources */ = {
			isa = PBXResourcesBuildPhase;
			buildActionMask = 2147483647;
			files = (
				9880C3132BD19C8E005A7E64 /* Preview Assets.xcassets in Resources */,
				9880C3102BD19C8E005A7E64 /* Assets.xcassets in Resources */,
			);
			runOnlyForDeploymentPostprocessing = 0;
		};
/* End PBXResourcesBuildPhase section */

/* Begin PBXSourcesBuildPhase section */
		9880C3042BD19C8D005A7E64 /* Sources */ = {
			isa = PBXSourcesBuildPhase;
			buildActionMask = 2147483647;
			files = (
				9880C30E2BD19C8D005A7E64 /* ContentView.swift in Sources */,
				98BAAE892BD22680007439B6 /* MainSimpleView.swift in Sources */,
				91EC32D72BD536F000B6EB1A /* SimpleWayTypes.swift in Sources */,
				98BAAE872BD22642007439B6 /* ThirdView.swift in Sources */,
				91EC32DB2BD5393000B6EB1A /* ChildViewsReducers.swift in Sources */,
				98BAAE832BD2260E007439B6 /* FirstView.swift in Sources */,
				98BAAE852BD22627007439B6 /* SecondView.swift in Sources */,
				91EC32D92BD5371B00B6EB1A /* SimpleWayReducer.swift in Sources */,
				9880C30C2BD19C8D005A7E64 /* NavigationExampleApp.swift in Sources */,
			);
			runOnlyForDeploymentPostprocessing = 0;
		};
/* End PBXSourcesBuildPhase section */

/* Begin XCBuildConfiguration section */
		9880C3142BD19C8E005A7E64 /* Debug */ = {
			isa = XCBuildConfiguration;
			buildSettings = {
				ALWAYS_SEARCH_USER_PATHS = NO;
				ASSETCATALOG_COMPILER_GENERATE_SWIFT_ASSET_SYMBOL_EXTENSIONS = YES;
				CLANG_ANALYZER_NONNULL = YES;
				CLANG_ANALYZER_NUMBER_OBJECT_CONVERSION = YES_AGGRESSIVE;
				CLANG_CXX_LANGUAGE_STANDARD = "gnu++20";
				CLANG_ENABLE_MODULES = YES;
				CLANG_ENABLE_OBJC_ARC = YES;
				CLANG_ENABLE_OBJC_WEAK = YES;
				CLANG_WARN_BLOCK_CAPTURE_AUTORELEASING = YES;
				CLANG_WARN_BOOL_CONVERSION = YES;
				CLANG_WARN_COMMA = YES;
				CLANG_WARN_CONSTANT_CONVERSION = YES;
				CLANG_WARN_DEPRECATED_OBJC_IMPLEMENTATIONS = YES;
				CLANG_WARN_DIRECT_OBJC_ISA_USAGE = YES_ERROR;
				CLANG_WARN_DOCUMENTATION_COMMENTS = YES;
				CLANG_WARN_EMPTY_BODY = YES;
				CLANG_WARN_ENUM_CONVERSION = YES;
				CLANG_WARN_INFINITE_RECURSION = YES;
				CLANG_WARN_INT_CONVERSION = YES;
				CLANG_WARN_NON_LITERAL_NULL_CONVERSION = YES;
				CLANG_WARN_OBJC_IMPLICIT_RETAIN_SELF = YES;
				CLANG_WARN_OBJC_LITERAL_CONVERSION = YES;
				CLANG_WARN_OBJC_ROOT_CLASS = YES_ERROR;
				CLANG_WARN_QUOTED_INCLUDE_IN_FRAMEWORK_HEADER = YES;
				CLANG_WARN_RANGE_LOOP_ANALYSIS = YES;
				CLANG_WARN_STRICT_PROTOTYPES = YES;
				CLANG_WARN_SUSPICIOUS_MOVE = YES;
				CLANG_WARN_UNGUARDED_AVAILABILITY = YES_AGGRESSIVE;
				CLANG_WARN_UNREACHABLE_CODE = YES;
				CLANG_WARN__DUPLICATE_METHOD_MATCH = YES;
				COPY_PHASE_STRIP = NO;
				DEBUG_INFORMATION_FORMAT = dwarf;
				ENABLE_STRICT_OBJC_MSGSEND = YES;
				ENABLE_TESTABILITY = YES;
				ENABLE_USER_SCRIPT_SANDBOXING = YES;
				GCC_C_LANGUAGE_STANDARD = gnu17;
				GCC_DYNAMIC_NO_PIC = NO;
				GCC_NO_COMMON_BLOCKS = YES;
				GCC_OPTIMIZATION_LEVEL = 0;
				GCC_PREPROCESSOR_DEFINITIONS = (
					"DEBUG=1",
					"$(inherited)",
				);
				GCC_WARN_64_TO_32_BIT_CONVERSION = YES;
				GCC_WARN_ABOUT_RETURN_TYPE = YES_ERROR;
				GCC_WARN_UNDECLARED_SELECTOR = YES;
				GCC_WARN_UNINITIALIZED_AUTOS = YES_AGGRESSIVE;
				GCC_WARN_UNUSED_FUNCTION = YES;
				GCC_WARN_UNUSED_VARIABLE = YES;
				IPHONEOS_DEPLOYMENT_TARGET = 17.4;
				LOCALIZATION_PREFERS_STRING_CATALOGS = YES;
				MTL_ENABLE_DEBUG_INFO = INCLUDE_SOURCE;
				MTL_FAST_MATH = YES;
				ONLY_ACTIVE_ARCH = YES;
				SDKROOT = iphoneos;
				SWIFT_ACTIVE_COMPILATION_CONDITIONS = "DEBUG $(inherited)";
				SWIFT_OPTIMIZATION_LEVEL = "-Onone";
			};
			name = Debug;
		};
		9880C3152BD19C8E005A7E64 /* Release */ = {
			isa = XCBuildConfiguration;
			buildSettings = {
				ALWAYS_SEARCH_USER_PATHS = NO;
				ASSETCATALOG_COMPILER_GENERATE_SWIFT_ASSET_SYMBOL_EXTENSIONS = YES;
				CLANG_ANALYZER_NONNULL = YES;
				CLANG_ANALYZER_NUMBER_OBJECT_CONVERSION = YES_AGGRESSIVE;
				CLANG_CXX_LANGUAGE_STANDARD = "gnu++20";
				CLANG_ENABLE_MODULES = YES;
				CLANG_ENABLE_OBJC_ARC = YES;
				CLANG_ENABLE_OBJC_WEAK = YES;
				CLANG_WARN_BLOCK_CAPTURE_AUTORELEASING = YES;
				CLANG_WARN_BOOL_CONVERSION = YES;
				CLANG_WARN_COMMA = YES;
				CLANG_WARN_CONSTANT_CONVERSION = YES;
				CLANG_WARN_DEPRECATED_OBJC_IMPLEMENTATIONS = YES;
				CLANG_WARN_DIRECT_OBJC_ISA_USAGE = YES_ERROR;
				CLANG_WARN_DOCUMENTATION_COMMENTS = YES;
				CLANG_WARN_EMPTY_BODY = YES;
				CLANG_WARN_ENUM_CONVERSION = YES;
				CLANG_WARN_INFINITE_RECURSION = YES;
				CLANG_WARN_INT_CONVERSION = YES;
				CLANG_WARN_NON_LITERAL_NULL_CONVERSION = YES;
				CLANG_WARN_OBJC_IMPLICIT_RETAIN_SELF = YES;
				CLANG_WARN_OBJC_LITERAL_CONVERSION = YES;
				CLANG_WARN_OBJC_ROOT_CLASS = YES_ERROR;
				CLANG_WARN_QUOTED_INCLUDE_IN_FRAMEWORK_HEADER = YES;
				CLANG_WARN_RANGE_LOOP_ANALYSIS = YES;
				CLANG_WARN_STRICT_PROTOTYPES = YES;
				CLANG_WARN_SUSPICIOUS_MOVE = YES;
				CLANG_WARN_UNGUARDED_AVAILABILITY = YES_AGGRESSIVE;
				CLANG_WARN_UNREACHABLE_CODE = YES;
				CLANG_WARN__DUPLICATE_METHOD_MATCH = YES;
				COPY_PHASE_STRIP = NO;
				DEBUG_INFORMATION_FORMAT = "dwarf-with-dsym";
				ENABLE_NS_ASSERTIONS = NO;
				ENABLE_STRICT_OBJC_MSGSEND = YES;
				ENABLE_USER_SCRIPT_SANDBOXING = YES;
				GCC_C_LANGUAGE_STANDARD = gnu17;
				GCC_NO_COMMON_BLOCKS = YES;
				GCC_WARN_64_TO_32_BIT_CONVERSION = YES;
				GCC_WARN_ABOUT_RETURN_TYPE = YES_ERROR;
				GCC_WARN_UNDECLARED_SELECTOR = YES;
				GCC_WARN_UNINITIALIZED_AUTOS = YES_AGGRESSIVE;
				GCC_WARN_UNUSED_FUNCTION = YES;
				GCC_WARN_UNUSED_VARIABLE = YES;
				IPHONEOS_DEPLOYMENT_TARGET = 17.4;
				LOCALIZATION_PREFERS_STRING_CATALOGS = YES;
				MTL_ENABLE_DEBUG_INFO = NO;
				MTL_FAST_MATH = YES;
				SDKROOT = iphoneos;
				SWIFT_COMPILATION_MODE = wholemodule;
				VALIDATE_PRODUCT = YES;
			};
			name = Release;
		};
		9880C3172BD19C8E005A7E64 /* Debug */ = {
			isa = XCBuildConfiguration;
			buildSettings = {
				ASSETCATALOG_COMPILER_APPICON_NAME = AppIcon;
				ASSETCATALOG_COMPILER_GLOBAL_ACCENT_COLOR_NAME = AccentColor;
				CODE_SIGN_STYLE = Automatic;
				CURRENT_PROJECT_VERSION = 1;
				DEVELOPMENT_ASSET_PATHS = "\"NavigationExample/Preview Content\"";
				ENABLE_PREVIEWS = YES;
				GENERATE_INFOPLIST_FILE = YES;
				INFOPLIST_KEY_UIApplicationSceneManifest_Generation = YES;
				INFOPLIST_KEY_UIApplicationSupportsIndirectInputEvents = YES;
				INFOPLIST_KEY_UILaunchScreen_Generation = YES;
				INFOPLIST_KEY_UISupportedInterfaceOrientations_iPad = "UIInterfaceOrientationPortrait UIInterfaceOrientationPortraitUpsideDown UIInterfaceOrientationLandscapeLeft UIInterfaceOrientationLandscapeRight";
				INFOPLIST_KEY_UISupportedInterfaceOrientations_iPhone = "UIInterfaceOrientationPortrait UIInterfaceOrientationLandscapeLeft UIInterfaceOrientationLandscapeRight";
				LD_RUNPATH_SEARCH_PATHS = (
					"$(inherited)",
					"@executable_path/Frameworks",
				);
				MARKETING_VERSION = 1.0;
				PRODUCT_BUNDLE_IDENTIFIER = nikolai.NavigationExample;
				PRODUCT_NAME = "$(TARGET_NAME)";
				SUPPORTED_PLATFORMS = "iphoneos iphonesimulator";
				SUPPORTS_MACCATALYST = NO;
				SUPPORTS_MAC_DESIGNED_FOR_IPHONE_IPAD = NO;
				SWIFT_EMIT_LOC_STRINGS = YES;
				SWIFT_VERSION = 5.0;
				TARGETED_DEVICE_FAMILY = 1;
			};
			name = Debug;
		};
		9880C3182BD19C8E005A7E64 /* Release */ = {
			isa = XCBuildConfiguration;
			buildSettings = {
				ASSETCATALOG_COMPILER_APPICON_NAME = AppIcon;
				ASSETCATALOG_COMPILER_GLOBAL_ACCENT_COLOR_NAME = AccentColor;
				CODE_SIGN_STYLE = Automatic;
				CURRENT_PROJECT_VERSION = 1;
				DEVELOPMENT_ASSET_PATHS = "\"NavigationExample/Preview Content\"";
				ENABLE_PREVIEWS = YES;
				GENERATE_INFOPLIST_FILE = YES;
				INFOPLIST_KEY_UIApplicationSceneManifest_Generation = YES;
				INFOPLIST_KEY_UIApplicationSupportsIndirectInputEvents = YES;
				INFOPLIST_KEY_UILaunchScreen_Generation = YES;
				INFOPLIST_KEY_UISupportedInterfaceOrientations_iPad = "UIInterfaceOrientationPortrait UIInterfaceOrientationPortraitUpsideDown UIInterfaceOrientationLandscapeLeft UIInterfaceOrientationLandscapeRight";
				INFOPLIST_KEY_UISupportedInterfaceOrientations_iPhone = "UIInterfaceOrientationPortrait UIInterfaceOrientationLandscapeLeft UIInterfaceOrientationLandscapeRight";
				LD_RUNPATH_SEARCH_PATHS = (
					"$(inherited)",
					"@executable_path/Frameworks",
				);
				MARKETING_VERSION = 1.0;
				PRODUCT_BUNDLE_IDENTIFIER = nikolai.NavigationExample;
				PRODUCT_NAME = "$(TARGET_NAME)";
				SUPPORTED_PLATFORMS = "iphoneos iphonesimulator";
				SUPPORTS_MACCATALYST = NO;
				SUPPORTS_MAC_DESIGNED_FOR_IPHONE_IPAD = NO;
				SWIFT_EMIT_LOC_STRINGS = YES;
				SWIFT_VERSION = 5.0;
				TARGETED_DEVICE_FAMILY = 1;
			};
			name = Release;
		};
/* End XCBuildConfiguration section */

/* Begin XCConfigurationList section */
		9880C3032BD19C8D005A7E64 /* Build configuration list for PBXProject "NavigationExample" */ = {
			isa = XCConfigurationList;
			buildConfigurations = (
				9880C3142BD19C8E005A7E64 /* Debug */,
				9880C3152BD19C8E005A7E64 /* Release */,
			);
			defaultConfigurationIsVisible = 0;
			defaultConfigurationName = Release;
		};
		9880C3162BD19C8E005A7E64 /* Build configuration list for PBXNativeTarget "NavigationExample" */ = {
			isa = XCConfigurationList;
			buildConfigurations = (
				9880C3172BD19C8E005A7E64 /* Debug */,
				9880C3182BD19C8E005A7E64 /* Release */,
			);
			defaultConfigurationIsVisible = 0;
			defaultConfigurationName = Release;
		};
/* End XCConfigurationList section */

/* Begin XCRemoteSwiftPackageReference section */
		9880C3192BD19CF3005A7E64 /* XCRemoteSwiftPackageReference "swift-composable-architecture" */ = {
			isa = XCRemoteSwiftPackageReference;
			repositoryURL = "https://github.com/pointfreeco/swift-composable-architecture";
			requirement = {
				kind = upToNextMajorVersion;
				minimumVersion = 1.9.3;
			};
		};
/* End XCRemoteSwiftPackageReference section */

/* Begin XCSwiftPackageProductDependency section */
		9880C31A2BD19CF3005A7E64 /* ComposableArchitecture */ = {
			isa = XCSwiftPackageProductDependency;
			package = 9880C3192BD19CF3005A7E64 /* XCRemoteSwiftPackageReference "swift-composable-architecture" */;
			productName = ComposableArchitecture;
		};
/* End XCSwiftPackageProductDependency section */
	};
	rootObject = 9880C3002BD19C8D005A7E64 /* Project object */;
}
