// !$*UTF8*$!
{
	archiveVersion = 1;
	classes = {
	};
	objectVersion = 56;
	objects = {

/* Begin PBXBuildFile section */
		910E51A72A3E140B0085B550 /* ThreadSafeWaysApp.swift in Sources */ = {isa = PBXBuildFile; fileRef = 910E51A62A3E140B0085B550 /* ThreadSafeWaysApp.swift */; };
		910E51A92A3E140B0085B550 /* ContentView.swift in Sources */ = {isa = PBXBuildFile; fileRef = 910E51A82A3E140B0085B550 /* ContentView.swift */; };
		910E51AB2A3E140D0085B550 /* Assets.xcassets in Resources */ = {isa = PBXBuildFile; fileRef = 910E51AA2A3E140D0085B550 /* Assets.xcassets */; };
		910E51AE2A3E140D0085B550 /* Preview Assets.xcassets in Resources */ = {isa = PBXBuildFile; fileRef = 910E51AD2A3E140D0085B550 /* Preview Assets.xcassets */; };
		910E51B92A3E14690085B550 /* UserService.swift in Sources */ = {isa = PBXBuildFile; fileRef = 910E51B82A3E14690085B550 /* UserService.swift */; };
		910E51BB2A3E14830085B550 /* UserData.swift in Sources */ = {isa = PBXBuildFile; fileRef = 910E51BA2A3E14830085B550 /* UserData.swift */; };
		910E51BD2A3E14BF0085B550 /* UsualService.swift in Sources */ = {isa = PBXBuildFile; fileRef = 910E51BC2A3E14BF0085B550 /* UsualService.swift */; };
		910E51BF2A3E15470085B550 /* ExampleViewModel.swift in Sources */ = {isa = PBXBuildFile; fileRef = 910E51BE2A3E15470085B550 /* ExampleViewModel.swift */; };
		910E51C12A3E16290085B550 /* ExampleView.swift in Sources */ = {isa = PBXBuildFile; fileRef = 910E51C02A3E16290085B550 /* ExampleView.swift */; };
		910E51C42A3E1B2A0085B550 /* MutexService.swift in Sources */ = {isa = PBXBuildFile; fileRef = 910E51C32A3E1B2A0085B550 /* MutexService.swift */; };
		910E51C62A3E1CA40085B550 /* LockService.swift in Sources */ = {isa = PBXBuildFile; fileRef = 910E51C52A3E1CA40085B550 /* LockService.swift */; };
		910E51C82A3E1D870085B550 /* SpinLockService.swift in Sources */ = {isa = PBXBuildFile; fileRef = 910E51C72A3E1D870085B550 /* SpinLockService.swift */; };
		910E51CA2A3E1E320085B550 /* UnfairLockService.swift in Sources */ = {isa = PBXBuildFile; fileRef = 910E51C92A3E1E320085B550 /* UnfairLockService.swift */; };
		910E51CC2A3E1EC70085B550 /* SemaphoreService.swift in Sources */ = {isa = PBXBuildFile; fileRef = 910E51CB2A3E1EC70085B550 /* SemaphoreService.swift */; };
		910E51CE2A3E206E0085B550 /* SerialQueueService.swift in Sources */ = {isa = PBXBuildFile; fileRef = 910E51CD2A3E206E0085B550 /* SerialQueueService.swift */; };
		910E51D02A3E21480085B550 /* BarrierOperationService.swift in Sources */ = {isa = PBXBuildFile; fileRef = 910E51CF2A3E21480085B550 /* BarrierOperationService.swift */; };
/* End PBXBuildFile section */

/* Begin PBXFileReference section */
		910E51A32A3E140B0085B550 /* ThreadSafeWays.app */ = {isa = PBXFileReference; explicitFileType = wrapper.application; includeInIndex = 0; path = ThreadSafeWays.app; sourceTree = BUILT_PRODUCTS_DIR; };
		910E51A62A3E140B0085B550 /* ThreadSafeWaysApp.swift */ = {isa = PBXFileReference; lastKnownFileType = sourcecode.swift; path = ThreadSafeWaysApp.swift; sourceTree = "<group>"; };
		910E51A82A3E140B0085B550 /* ContentView.swift */ = {isa = PBXFileReference; lastKnownFileType = sourcecode.swift; path = ContentView.swift; sourceTree = "<group>"; };
		910E51AA2A3E140D0085B550 /* Assets.xcassets */ = {isa = PBXFileReference; lastKnownFileType = folder.assetcatalog; path = Assets.xcassets; sourceTree = "<group>"; };
		910E51AD2A3E140D0085B550 /* Preview Assets.xcassets */ = {isa = PBXFileReference; lastKnownFileType = folder.assetcatalog; path = "Preview Assets.xcassets"; sourceTree = "<group>"; };
		910E51B82A3E14690085B550 /* UserService.swift */ = {isa = PBXFileReference; lastKnownFileType = sourcecode.swift; path = UserService.swift; sourceTree = "<group>"; };
		910E51BA2A3E14830085B550 /* UserData.swift */ = {isa = PBXFileReference; lastKnownFileType = sourcecode.swift; path = UserData.swift; sourceTree = "<group>"; };
		910E51BC2A3E14BF0085B550 /* UsualService.swift */ = {isa = PBXFileReference; lastKnownFileType = sourcecode.swift; path = UsualService.swift; sourceTree = "<group>"; };
		910E51BE2A3E15470085B550 /* ExampleViewModel.swift */ = {isa = PBXFileReference; lastKnownFileType = sourcecode.swift; path = ExampleViewModel.swift; sourceTree = "<group>"; };
		910E51C02A3E16290085B550 /* ExampleView.swift */ = {isa = PBXFileReference; lastKnownFileType = sourcecode.swift; path = ExampleView.swift; sourceTree = "<group>"; };
		910E51C32A3E1B2A0085B550 /* MutexService.swift */ = {isa = PBXFileReference; lastKnownFileType = sourcecode.swift; path = MutexService.swift; sourceTree = "<group>"; };
		910E51C52A3E1CA40085B550 /* LockService.swift */ = {isa = PBXFileReference; lastKnownFileType = sourcecode.swift; path = LockService.swift; sourceTree = "<group>"; };
		910E51C72A3E1D870085B550 /* SpinLockService.swift */ = {isa = PBXFileReference; lastKnownFileType = sourcecode.swift; path = SpinLockService.swift; sourceTree = "<group>"; };
		910E51C92A3E1E320085B550 /* UnfairLockService.swift */ = {isa = PBXFileReference; lastKnownFileType = sourcecode.swift; path = UnfairLockService.swift; sourceTree = "<group>"; };
		910E51CB2A3E1EC70085B550 /* SemaphoreService.swift */ = {isa = PBXFileReference; lastKnownFileType = sourcecode.swift; path = SemaphoreService.swift; sourceTree = "<group>"; };
		910E51CD2A3E206E0085B550 /* SerialQueueService.swift */ = {isa = PBXFileReference; lastKnownFileType = sourcecode.swift; path = SerialQueueService.swift; sourceTree = "<group>"; };
		910E51CF2A3E21480085B550 /* BarrierOperationService.swift */ = {isa = PBXFileReference; lastKnownFileType = sourcecode.swift; path = BarrierOperationService.swift; sourceTree = "<group>"; };
/* End PBXFileReference section */

/* Begin PBXFrameworksBuildPhase section */
		910E51A02A3E140B0085B550 /* Frameworks */ = {
			isa = PBXFrameworksBuildPhase;
			buildActionMask = 2147483647;
			files = (
			);
			runOnlyForDeploymentPostprocessing = 0;
		};
/* End PBXFrameworksBuildPhase section */

/* Begin PBXGroup section */
		910E519A2A3E140B0085B550 = {
			isa = PBXGroup;
			children = (
				910E51A52A3E140B0085B550 /* ThreadSafeWays */,
				910E51A42A3E140B0085B550 /* Products */,
			);
			sourceTree = "<group>";
		};
		910E51A42A3E140B0085B550 /* Products */ = {
			isa = PBXGroup;
			children = (
				910E51A32A3E140B0085B550 /* ThreadSafeWays.app */,
			);
			name = Products;
			sourceTree = "<group>";
		};
		910E51A52A3E140B0085B550 /* ThreadSafeWays */ = {
			isa = PBXGroup;
			children = (
				910E51B62A3E14470085B550 /* Model */,
				910E51B42A3E141D0085B550 /* UI */,
				910E51A62A3E140B0085B550 /* ThreadSafeWaysApp.swift */,
				910E51A82A3E140B0085B550 /* ContentView.swift */,
				910E51AA2A3E140D0085B550 /* Assets.xcassets */,
				910E51AC2A3E140D0085B550 /* Preview Content */,
			);
			path = ThreadSafeWays;
			sourceTree = "<group>";
		};
		910E51AC2A3E140D0085B550 /* Preview Content */ = {
			isa = PBXGroup;
			children = (
				910E51AD2A3E140D0085B550 /* Preview Assets.xcassets */,
			);
			path = "Preview Content";
			sourceTree = "<group>";
		};
		910E51B42A3E141D0085B550 /* UI */ = {
			isa = PBXGroup;
			children = (
				910E51BE2A3E15470085B550 /* ExampleViewModel.swift */,
				910E51C02A3E16290085B550 /* ExampleView.swift */,
			);
			path = UI;
			sourceTree = "<group>";
		};
		910E51B62A3E14470085B550 /* Model */ = {
			isa = PBXGroup;
			children = (
				910E51C22A3E18E20085B550 /* Data */,
				910E51B72A3E14530085B550 /* ThreadSafeServices */,
			);
			path = Model;
			sourceTree = "<group>";
		};
		910E51B72A3E14530085B550 /* ThreadSafeServices */ = {
			isa = PBXGroup;
			children = (
				910E51B82A3E14690085B550 /* UserService.swift */,
				910E51BC2A3E14BF0085B550 /* UsualService.swift */,
				910E51C32A3E1B2A0085B550 /* MutexService.swift */,
				910E51C52A3E1CA40085B550 /* LockService.swift */,
				910E51C72A3E1D870085B550 /* SpinLockService.swift */,
				910E51C92A3E1E320085B550 /* UnfairLockService.swift */,
				910E51CB2A3E1EC70085B550 /* SemaphoreService.swift */,
				910E51CD2A3E206E0085B550 /* SerialQueueService.swift */,
				910E51CF2A3E21480085B550 /* BarrierOperationService.swift */,
			);
			path = ThreadSafeServices;
			sourceTree = "<group>";
		};
		910E51C22A3E18E20085B550 /* Data */ = {
			isa = PBXGroup;
			children = (
				910E51BA2A3E14830085B550 /* UserData.swift */,
			);
			path = Data;
			sourceTree = "<group>";
		};
/* End PBXGroup section */

/* Begin PBXNativeTarget section */
		910E51A22A3E140B0085B550 /* ThreadSafeWays */ = {
			isa = PBXNativeTarget;
			buildConfigurationList = 910E51B12A3E140D0085B550 /* Build configuration list for PBXNativeTarget "ThreadSafeWays" */;
			buildPhases = (
				910E519F2A3E140B0085B550 /* Sources */,
				910E51A02A3E140B0085B550 /* Frameworks */,
				910E51A12A3E140B0085B550 /* Resources */,
			);
			buildRules = (
			);
			dependencies = (
			);
			name = ThreadSafeWays;
			productName = ThreadSafeWays;
			productReference = 910E51A32A3E140B0085B550 /* ThreadSafeWays.app */;
			productType = "com.apple.product-type.application";
		};
/* End PBXNativeTarget section */

/* Begin PBXProject section */
		910E519B2A3E140B0085B550 /* Project object */ = {
			isa = PBXProject;
			attributes = {
				BuildIndependentTargetsInParallel = 1;
				LastSwiftUpdateCheck = 1430;
				LastUpgradeCheck = 1430;
				TargetAttributes = {
					910E51A22A3E140B0085B550 = {
						CreatedOnToolsVersion = 14.3;
					};
				};
			};
			buildConfigurationList = 910E519E2A3E140B0085B550 /* Build configuration list for PBXProject "ThreadSafeWays" */;
			compatibilityVersion = "Xcode 14.0";
			developmentRegion = en;
			hasScannedForEncodings = 0;
			knownRegions = (
				en,
				Base,
			);
			mainGroup = 910E519A2A3E140B0085B550;
			productRefGroup = 910E51A42A3E140B0085B550 /* Products */;
			projectDirPath = "";
			projectRoot = "";
			targets = (
				910E51A22A3E140B0085B550 /* ThreadSafeWays */,
			);
		};
/* End PBXProject section */

/* Begin PBXResourcesBuildPhase section */
		910E51A12A3E140B0085B550 /* Resources */ = {
			isa = PBXResourcesBuildPhase;
			buildActionMask = 2147483647;
			files = (
				910E51AE2A3E140D0085B550 /* Preview Assets.xcassets in Resources */,
				910E51AB2A3E140D0085B550 /* Assets.xcassets in Resources */,
			);
			runOnlyForDeploymentPostprocessing = 0;
		};
/* End PBXResourcesBuildPhase section */

/* Begin PBXSourcesBuildPhase section */
		910E519F2A3E140B0085B550 /* Sources */ = {
			isa = PBXSourcesBuildPhase;
			buildActionMask = 2147483647;
			files = (
				910E51CE2A3E206E0085B550 /* SerialQueueService.swift in Sources */,
				910E51A92A3E140B0085B550 /* ContentView.swift in Sources */,
				910E51C42A3E1B2A0085B550 /* MutexService.swift in Sources */,
				910E51CA2A3E1E320085B550 /* UnfairLockService.swift in Sources */,
				910E51C82A3E1D870085B550 /* SpinLockService.swift in Sources */,
				910E51BF2A3E15470085B550 /* ExampleViewModel.swift in Sources */,
				910E51A72A3E140B0085B550 /* ThreadSafeWaysApp.swift in Sources */,
				910E51D02A3E21480085B550 /* BarrierOperationService.swift in Sources */,
				910E51CC2A3E1EC70085B550 /* SemaphoreService.swift in Sources */,
				910E51C62A3E1CA40085B550 /* LockService.swift in Sources */,
				910E51BB2A3E14830085B550 /* UserData.swift in Sources */,
				910E51B92A3E14690085B550 /* UserService.swift in Sources */,
				910E51C12A3E16290085B550 /* ExampleView.swift in Sources */,
				910E51BD2A3E14BF0085B550 /* UsualService.swift in Sources */,
			);
			runOnlyForDeploymentPostprocessing = 0;
		};
/* End PBXSourcesBuildPhase section */

/* Begin XCBuildConfiguration section */
		910E51AF2A3E140D0085B550 /* Debug */ = {
			isa = XCBuildConfiguration;
			buildSettings = {
				ALWAYS_SEARCH_USER_PATHS = NO;
				CLANG_ANALYZER_NONNULL = YES;
				CLANG_ANALYZER_NUMBER_OBJECT_CONVERSION = YES_AGGRESSIVE;
				CLANG_CXX_LANGUAGE_STANDARD = "gnu++20";
				CLANG_ENABLE_MODULES = YES;
				CLANG_ENABLE_OBJC_ARC = YES;
				CLANG_ENABLE_OBJC_WEAK = YES;
				CLANG_WARN_BLOCK_CAPTURE_AUTORELEASING = YES;
				CLANG_WARN_BOOL_CONVERSION = YES;
				CLANG_WARN_COMMA = YES;
				CLANG_WARN_CONSTANT_CONVERSION = YES;
				CLANG_WARN_DEPRECATED_OBJC_IMPLEMENTATIONS = YES;
				CLANG_WARN_DIRECT_OBJC_ISA_USAGE = YES_ERROR;
				CLANG_WARN_DOCUMENTATION_COMMENTS = YES;
				CLANG_WARN_EMPTY_BODY = YES;
				CLANG_WARN_ENUM_CONVERSION = YES;
				CLANG_WARN_INFINITE_RECURSION = YES;
				CLANG_WARN_INT_CONVERSION = YES;
				CLANG_WARN_NON_LITERAL_NULL_CONVERSION = YES;
				CLANG_WARN_OBJC_IMPLICIT_RETAIN_SELF = YES;
				CLANG_WARN_OBJC_LITERAL_CONVERSION = YES;
				CLANG_WARN_OBJC_ROOT_CLASS = YES_ERROR;
				CLANG_WARN_QUOTED_INCLUDE_IN_FRAMEWORK_HEADER = YES;
				CLANG_WARN_RANGE_LOOP_ANALYSIS = YES;
				CLANG_WARN_STRICT_PROTOTYPES = YES;
				CLANG_WARN_SUSPICIOUS_MOVE = YES;
				CLANG_WARN_UNGUARDED_AVAILABILITY = YES_AGGRESSIVE;
				CLANG_WARN_UNREACHABLE_CODE = YES;
				CLANG_WARN__DUPLICATE_METHOD_MATCH = YES;
				COPY_PHASE_STRIP = NO;
				DEBUG_INFORMATION_FORMAT = dwarf;
				ENABLE_STRICT_OBJC_MSGSEND = YES;
				ENABLE_TESTABILITY = YES;
				GCC_C_LANGUAGE_STANDARD = gnu11;
				GCC_DYNAMIC_NO_PIC = NO;
				GCC_NO_COMMON_BLOCKS = YES;
				GCC_OPTIMIZATION_LEVEL = 0;
				GCC_PREPROCESSOR_DEFINITIONS = (
					"DEBUG=1",
					"$(inherited)",
				);
				GCC_WARN_64_TO_32_BIT_CONVERSION = YES;
				GCC_WARN_ABOUT_RETURN_TYPE = YES_ERROR;
				GCC_WARN_UNDECLARED_SELECTOR = YES;
				GCC_WARN_UNINITIALIZED_AUTOS = YES_AGGRESSIVE;
				GCC_WARN_UNUSED_FUNCTION = YES;
				GCC_WARN_UNUSED_VARIABLE = YES;
				IPHONEOS_DEPLOYMENT_TARGET = 16.4;
				MTL_ENABLE_DEBUG_INFO = INCLUDE_SOURCE;
				MTL_FAST_MATH = YES;
				ONLY_ACTIVE_ARCH = YES;
				SDKROOT = iphoneos;
				SWIFT_ACTIVE_COMPILATION_CONDITIONS = DEBUG;
				SWIFT_OPTIMIZATION_LEVEL = "-Onone";
			};
			name = Debug;
		};
		910E51B02A3E140D0085B550 /* Release */ = {
			isa = XCBuildConfiguration;
			buildSettings = {
				ALWAYS_SEARCH_USER_PATHS = NO;
				CLANG_ANALYZER_NONNULL = YES;
				CLANG_ANALYZER_NUMBER_OBJECT_CONVERSION = YES_AGGRESSIVE;
				CLANG_CXX_LANGUAGE_STANDARD = "gnu++20";
				CLANG_ENABLE_MODULES = YES;
				CLANG_ENABLE_OBJC_ARC = YES;
				CLANG_ENABLE_OBJC_WEAK = YES;
				CLANG_WARN_BLOCK_CAPTURE_AUTORELEASING = YES;
				CLANG_WARN_BOOL_CONVERSION = YES;
				CLANG_WARN_COMMA = YES;
				CLANG_WARN_CONSTANT_CONVERSION = YES;
				CLANG_WARN_DEPRECATED_OBJC_IMPLEMENTATIONS = YES;
				CLANG_WARN_DIRECT_OBJC_ISA_USAGE = YES_ERROR;
				CLANG_WARN_DOCUMENTATION_COMMENTS = YES;
				CLANG_WARN_EMPTY_BODY = YES;
				CLANG_WARN_ENUM_CONVERSION = YES;
				CLANG_WARN_INFINITE_RECURSION = YES;
				CLANG_WARN_INT_CONVERSION = YES;
				CLANG_WARN_NON_LITERAL_NULL_CONVERSION = YES;
				CLANG_WARN_OBJC_IMPLICIT_RETAIN_SELF = YES;
				CLANG_WARN_OBJC_LITERAL_CONVERSION = YES;
				CLANG_WARN_OBJC_ROOT_CLASS = YES_ERROR;
				CLANG_WARN_QUOTED_INCLUDE_IN_FRAMEWORK_HEADER = YES;
				CLANG_WARN_RANGE_LOOP_ANALYSIS = YES;
				CLANG_WARN_STRICT_PROTOTYPES = YES;
				CLANG_WARN_SUSPICIOUS_MOVE = YES;
				CLANG_WARN_UNGUARDED_AVAILABILITY = YES_AGGRESSIVE;
				CLANG_WARN_UNREACHABLE_CODE = YES;
				CLANG_WARN__DUPLICATE_METHOD_MATCH = YES;
				COPY_PHASE_STRIP = NO;
				DEBUG_INFORMATION_FORMAT = "dwarf-with-dsym";
				ENABLE_NS_ASSERTIONS = NO;
				ENABLE_STRICT_OBJC_MSGSEND = YES;
				GCC_C_LANGUAGE_STANDARD = gnu11;
				GCC_NO_COMMON_BLOCKS = YES;
				GCC_WARN_64_TO_32_BIT_CONVERSION = YES;
				GCC_WARN_ABOUT_RETURN_TYPE = YES_ERROR;
				GCC_WARN_UNDECLARED_SELECTOR = YES;
				GCC_WARN_UNINITIALIZED_AUTOS = YES_AGGRESSIVE;
				GCC_WARN_UNUSED_FUNCTION = YES;
				GCC_WARN_UNUSED_VARIABLE = YES;
				IPHONEOS_DEPLOYMENT_TARGET = 16.4;
				MTL_ENABLE_DEBUG_INFO = NO;
				MTL_FAST_MATH = YES;
				SDKROOT = iphoneos;
				SWIFT_COMPILATION_MODE = wholemodule;
				SWIFT_OPTIMIZATION_LEVEL = "-O";
				VALIDATE_PRODUCT = YES;
			};
			name = Release;
		};
		910E51B22A3E140D0085B550 /* Debug */ = {
			isa = XCBuildConfiguration;
			buildSettings = {
				ASSETCATALOG_COMPILER_APPICON_NAME = AppIcon;
				ASSETCATALOG_COMPILER_GLOBAL_ACCENT_COLOR_NAME = AccentColor;
				CODE_SIGN_STYLE = Automatic;
				CURRENT_PROJECT_VERSION = 1;
				DEVELOPMENT_ASSET_PATHS = "\"ThreadSafeWays/Preview Content\"";
				DEVELOPMENT_TEAM = ZWXN4J2VCP;
				ENABLE_PREVIEWS = YES;
				GENERATE_INFOPLIST_FILE = YES;
				INFOPLIST_KEY_UIApplicationSceneManifest_Generation = YES;
				INFOPLIST_KEY_UIApplicationSupportsIndirectInputEvents = YES;
				INFOPLIST_KEY_UILaunchScreen_Generation = YES;
				INFOPLIST_KEY_UISupportedInterfaceOrientations_iPad = "UIInterfaceOrientationPortrait UIInterfaceOrientationPortraitUpsideDown UIInterfaceOrientationLandscapeLeft UIInterfaceOrientationLandscapeRight";
				INFOPLIST_KEY_UISupportedInterfaceOrientations_iPhone = "UIInterfaceOrientationPortrait UIInterfaceOrientationLandscapeLeft UIInterfaceOrientationLandscapeRight";
				LD_RUNPATH_SEARCH_PATHS = (
					"$(inherited)",
					"@executable_path/Frameworks",
				);
				MARKETING_VERSION = 1.0;
				PRODUCT_BUNDLE_IDENTIFIER = com.nikolai.ThreadSafeWays;
				PRODUCT_NAME = "$(TARGET_NAME)";
				SWIFT_EMIT_LOC_STRINGS = YES;
				SWIFT_VERSION = 5.0;
				TARGETED_DEVICE_FAMILY = "1,2";
			};
			name = Debug;
		};
		910E51B32A3E140D0085B550 /* Release */ = {
			isa = XCBuildConfiguration;
			buildSettings = {
				ASSETCATALOG_COMPILER_APPICON_NAME = AppIcon;
				ASSETCATALOG_COMPILER_GLOBAL_ACCENT_COLOR_NAME = AccentColor;
				CODE_SIGN_STYLE = Automatic;
				CURRENT_PROJECT_VERSION = 1;
				DEVELOPMENT_ASSET_PATHS = "\"ThreadSafeWays/Preview Content\"";
				DEVELOPMENT_TEAM = ZWXN4J2VCP;
				ENABLE_PREVIEWS = YES;
				GENERATE_INFOPLIST_FILE = YES;
				INFOPLIST_KEY_UIApplicationSceneManifest_Generation = YES;
				INFOPLIST_KEY_UIApplicationSupportsIndirectInputEvents = YES;
				INFOPLIST_KEY_UILaunchScreen_Generation = YES;
				INFOPLIST_KEY_UISupportedInterfaceOrientations_iPad = "UIInterfaceOrientationPortrait UIInterfaceOrientationPortraitUpsideDown UIInterfaceOrientationLandscapeLeft UIInterfaceOrientationLandscapeRight";
				INFOPLIST_KEY_UISupportedInterfaceOrientations_iPhone = "UIInterfaceOrientationPortrait UIInterfaceOrientationLandscapeLeft UIInterfaceOrientationLandscapeRight";
				LD_RUNPATH_SEARCH_PATHS = (
					"$(inherited)",
					"@executable_path/Frameworks",
				);
				MARKETING_VERSION = 1.0;
				PRODUCT_BUNDLE_IDENTIFIER = com.nikolai.ThreadSafeWays;
				PRODUCT_NAME = "$(TARGET_NAME)";
				SWIFT_EMIT_LOC_STRINGS = YES;
				SWIFT_VERSION = 5.0;
				TARGETED_DEVICE_FAMILY = "1,2";
			};
			name = Release;
		};
/* End XCBuildConfiguration section */

/* Begin XCConfigurationList section */
		910E519E2A3E140B0085B550 /* Build configuration list for PBXProject "ThreadSafeWays" */ = {
			isa = XCConfigurationList;
			buildConfigurations = (
				910E51AF2A3E140D0085B550 /* Debug */,
				910E51B02A3E140D0085B550 /* Release */,
			);
			defaultConfigurationIsVisible = 0;
			defaultConfigurationName = Release;
		};
		910E51B12A3E140D0085B550 /* Build configuration list for PBXNativeTarget "ThreadSafeWays" */ = {
			isa = XCConfigurationList;
			buildConfigurations = (
				910E51B22A3E140D0085B550 /* Debug */,
				910E51B32A3E140D0085B550 /* Release */,
			);
			defaultConfigurationIsVisible = 0;
			defaultConfigurationName = Release;
		};
/* End XCConfigurationList section */
	};
	rootObject = 910E519B2A3E140B0085B550 /* Project object */;
}
