// !$*UTF8*$!
{
	archiveVersion = 1;
	classes = {
	};
	objectVersion = 50;
	objects = {

/* Begin PBXBuildFile section */
		CFD75914257559B6005A2CE1 /* AppDelegate.swift in Sources */ = {isa = PBXBuildFile; fileRef = CFD75913257559B6005A2CE1 /* AppDelegate.swift */; };
		CFD75916257559B6005A2CE1 /* SceneDelegate.swift in Sources */ = {isa = PBXBuildFile; fileRef = CFD75915257559B6005A2CE1 /* SceneDelegate.swift */; };
		CFD75918257559B6005A2CE1 /* ContentView.swift in Sources */ = {isa = PBXBuildFile; fileRef = CFD75917257559B6005A2CE1 /* ContentView.swift */; };
		CFD7591A257559BB005A2CE1 /* Assets.xcassets in Resources */ = {isa = PBXBuildFile; fileRef = CFD75919257559BB005A2CE1 /* Assets.xcassets */; };
		CFD7591D257559BB005A2CE1 /* Preview Assets.xcassets in Resources */ = {isa = PBXBuildFile; fileRef = CFD7591C257559BB005A2CE1 /* Preview Assets.xcassets */; };
		CFD75920257559BB005A2CE1 /* LaunchScreen.storyboard in Resources */ = {isa = PBXBuildFile; fileRef = CFD7591E257559BB005A2CE1 /* LaunchScreen.storyboard */; };
		CFD7592B257559BB005A2CE1 /* ProgressViewExampleTests.swift in Sources */ = {isa = PBXBuildFile; fileRef = CFD7592A257559BB005A2CE1 /* ProgressViewExampleTests.swift */; };
		CFD75936257559BB005A2CE1 /* ProgressViewExampleUITests.swift in Sources */ = {isa = PBXBuildFile; fileRef = CFD75935257559BB005A2CE1 /* ProgressViewExampleUITests.swift */; };
		CFD75947257559E3005A2CE1 /* ProgressBarView.swift in Sources */ = {isa = PBXBuildFile; fileRef = CFD75946257559E2005A2CE1 /* ProgressBarView.swift */; };
/* End PBXBuildFile section */

/* Begin PBXContainerItemProxy section */
		CFD75927257559BB005A2CE1 /* PBXContainerItemProxy */ = {
			isa = PBXContainerItemProxy;
			containerPortal = CFD75908257559B6005A2CE1 /* Project object */;
			proxyType = 1;
			remoteGlobalIDString = CFD7590F257559B6005A2CE1;
			remoteInfo = ProgressViewExample;
		};
		CFD75932257559BB005A2CE1 /* PBXContainerItemProxy */ = {
			isa = PBXContainerItemProxy;
			containerPortal = CFD75908257559B6005A2CE1 /* Project object */;
			proxyType = 1;
			remoteGlobalIDString = CFD7590F257559B6005A2CE1;
			remoteInfo = ProgressViewExample;
		};
/* End PBXContainerItemProxy section */

/* Begin PBXFileReference section */
		CFD75910257559B6005A2CE1 /* ProgressViewExample.app */ = {isa = PBXFileReference; explicitFileType = wrapper.application; includeInIndex = 0; path = ProgressViewExample.app; sourceTree = BUILT_PRODUCTS_DIR; };
		CFD75913257559B6005A2CE1 /* AppDelegate.swift */ = {isa = PBXFileReference; lastKnownFileType = sourcecode.swift; path = AppDelegate.swift; sourceTree = "<group>"; };
		CFD75915257559B6005A2CE1 /* SceneDelegate.swift */ = {isa = PBXFileReference; lastKnownFileType = sourcecode.swift; path = SceneDelegate.swift; sourceTree = "<group>"; };
		CFD75917257559B6005A2CE1 /* ContentView.swift */ = {isa = PBXFileReference; lastKnownFileType = sourcecode.swift; path = ContentView.swift; sourceTree = "<group>"; };
		CFD75919257559BB005A2CE1 /* Assets.xcassets */ = {isa = PBXFileReference; lastKnownFileType = folder.assetcatalog; path = Assets.xcassets; sourceTree = "<group>"; };
		CFD7591C257559BB005A2CE1 /* Preview Assets.xcassets */ = {isa = PBXFileReference; lastKnownFileType = folder.assetcatalog; path = "Preview Assets.xcassets"; sourceTree = "<group>"; };
		CFD7591F257559BB005A2CE1 /* Base */ = {isa = PBXFileReference; lastKnownFileType = file.storyboard; name = Base; path = Base.lproj/LaunchScreen.storyboard; sourceTree = "<group>"; };
		CFD75921257559BB005A2CE1 /* Info.plist */ = {isa = PBXFileReference; lastKnownFileType = text.plist.xml; path = Info.plist; sourceTree = "<group>"; };
		CFD75926257559BB005A2CE1 /* ProgressViewExampleTests.xctest */ = {isa = PBXFileReference; explicitFileType = wrapper.cfbundle; includeInIndex = 0; path = ProgressViewExampleTests.xctest; sourceTree = BUILT_PRODUCTS_DIR; };
		CFD7592A257559BB005A2CE1 /* ProgressViewExampleTests.swift */ = {isa = PBXFileReference; lastKnownFileType = sourcecode.swift; path = ProgressViewExampleTests.swift; sourceTree = "<group>"; };
		CFD7592C257559BB005A2CE1 /* Info.plist */ = {isa = PBXFileReference; lastKnownFileType = text.plist.xml; path = Info.plist; sourceTree = "<group>"; };
		CFD75931257559BB005A2CE1 /* ProgressViewExampleUITests.xctest */ = {isa = PBXFileReference; explicitFileType = wrapper.cfbundle; includeInIndex = 0; path = ProgressViewExampleUITests.xctest; sourceTree = BUILT_PRODUCTS_DIR; };
		CFD75935257559BB005A2CE1 /* ProgressViewExampleUITests.swift */ = {isa = PBXFileReference; lastKnownFileType = sourcecode.swift; path = ProgressViewExampleUITests.swift; sourceTree = "<group>"; };
		CFD75937257559BB005A2CE1 /* Info.plist */ = {isa = PBXFileReference; lastKnownFileType = text.plist.xml; path = Info.plist; sourceTree = "<group>"; };
		CFD75946257559E2005A2CE1 /* ProgressBarView.swift */ = {isa = PBXFileReference; lastKnownFileType = sourcecode.swift; path = ProgressBarView.swift; sourceTree = "<group>"; };
/* End PBXFileReference section */

/* Begin PBXFrameworksBuildPhase section */
		CFD7590D257559B6005A2CE1 /* Frameworks */ = {
			isa = PBXFrameworksBuildPhase;
			buildActionMask = 2147483647;
			files = (
			);
			runOnlyForDeploymentPostprocessing = 0;
		};
		CFD75923257559BB005A2CE1 /* Frameworks */ = {
			isa = PBXFrameworksBuildPhase;
			buildActionMask = 2147483647;
			files = (
			);
			runOnlyForDeploymentPostprocessing = 0;
		};
		CFD7592E257559BB005A2CE1 /* Frameworks */ = {
			isa = PBXFrameworksBuildPhase;
			buildActionMask = 2147483647;
			files = (
			);
			runOnlyForDeploymentPostprocessing = 0;
		};
/* End PBXFrameworksBuildPhase section */

/* Begin PBXGroup section */
		CFD75907257559B6005A2CE1 = {
			isa = PBXGroup;
			children = (
				CFD75912257559B6005A2CE1 /* ProgressViewExample */,
				CFD75929257559BB005A2CE1 /* ProgressViewExampleTests */,
				CFD75934257559BB005A2CE1 /* ProgressViewExampleUITests */,
				CFD75911257559B6005A2CE1 /* Products */,
			);
			sourceTree = "<group>";
		};
		CFD75911257559B6005A2CE1 /* Products */ = {
			isa = PBXGroup;
			children = (
				CFD75910257559B6005A2CE1 /* ProgressViewExample.app */,
				CFD75926257559BB005A2CE1 /* ProgressViewExampleTests.xctest */,
				CFD75931257559BB005A2CE1 /* ProgressViewExampleUITests.xctest */,
			);
			name = Products;
			sourceTree = "<group>";
		};
		CFD75912257559B6005A2CE1 /* ProgressViewExample */ = {
			isa = PBXGroup;
			children = (
				CFD75913257559B6005A2CE1 /* AppDelegate.swift */,
				CFD75915257559B6005A2CE1 /* SceneDelegate.swift */,
				CFD75917257559B6005A2CE1 /* ContentView.swift */,
				CFD75919257559BB005A2CE1 /* Assets.xcassets */,
				CFD7591E257559BB005A2CE1 /* LaunchScreen.storyboard */,
				CFD75921257559BB005A2CE1 /* Info.plist */,
				CFD7591B257559BB005A2CE1 /* Preview Content */,
				CFD75946257559E2005A2CE1 /* ProgressBarView.swift */,
			);
			path = ProgressViewExample;
			sourceTree = "<group>";
		};
		CFD7591B257559BB005A2CE1 /* Preview Content */ = {
			isa = PBXGroup;
			children = (
				CFD7591C257559BB005A2CE1 /* Preview Assets.xcassets */,
			);
			path = "Preview Content";
			sourceTree = "<group>";
		};
		CFD75929257559BB005A2CE1 /* ProgressViewExampleTests */ = {
			isa = PBXGroup;
			children = (
				CFD7592A257559BB005A2CE1 /* ProgressViewExampleTests.swift */,
				CFD7592C257559BB005A2CE1 /* Info.plist */,
			);
			path = ProgressViewExampleTests;
			sourceTree = "<group>";
		};
		CFD75934257559BB005A2CE1 /* ProgressViewExampleUITests */ = {
			isa = PBXGroup;
			children = (
				CFD75935257559BB005A2CE1 /* ProgressViewExampleUITests.swift */,
				CFD75937257559BB005A2CE1 /* Info.plist */,
			);
			path = ProgressViewExampleUITests;
			sourceTree = "<group>";
		};
/* End PBXGroup section */

/* Begin PBXNativeTarget section */
		CFD7590F257559B6005A2CE1 /* ProgressViewExample */ = {
			isa = PBXNativeTarget;
			buildConfigurationList = CFD7593A257559BB005A2CE1 /* Build configuration list for PBXNativeTarget "ProgressViewExample" */;
			buildPhases = (
				CFD7590C257559B6005A2CE1 /* Sources */,
				CFD7590D257559B6005A2CE1 /* Frameworks */,
				CFD7590E257559B6005A2CE1 /* Resources */,
			);
			buildRules = (
			);
			dependencies = (
			);
			name = ProgressViewExample;
			productName = ProgressViewExample;
			productReference = CFD75910257559B6005A2CE1 /* ProgressViewExample.app */;
			productType = "com.apple.product-type.application";
		};
		CFD75925257559BB005A2CE1 /* ProgressViewExampleTests */ = {
			isa = PBXNativeTarget;
			buildConfigurationList = CFD7593D257559BB005A2CE1 /* Build configuration list for PBXNativeTarget "ProgressViewExampleTests" */;
			buildPhases = (
				CFD75922257559BB005A2CE1 /* Sources */,
				CFD75923257559BB005A2CE1 /* Frameworks */,
				CFD75924257559BB005A2CE1 /* Resources */,
			);
			buildRules = (
			);
			dependencies = (
				CFD75928257559BB005A2CE1 /* PBXTargetDependency */,
			);
			name = ProgressViewExampleTests;
			productName = ProgressViewExampleTests;
			productReference = CFD75926257559BB005A2CE1 /* ProgressViewExampleTests.xctest */;
			productType = "com.apple.product-type.bundle.unit-test";
		};
		CFD75930257559BB005A2CE1 /* ProgressViewExampleUITests */ = {
			isa = PBXNativeTarget;
			buildConfigurationList = CFD75940257559BB005A2CE1 /* Build configuration list for PBXNativeTarget "ProgressViewExampleUITests" */;
			buildPhases = (
				CFD7592D257559BB005A2CE1 /* Sources */,
				CFD7592E257559BB005A2CE1 /* Frameworks */,
				CFD7592F257559BB005A2CE1 /* Resources */,
			);
			buildRules = (
			);
			dependencies = (
				CFD75933257559BB005A2CE1 /* PBXTargetDependency */,
			);
			name = ProgressViewExampleUITests;
			productName = ProgressViewExampleUITests;
			productReference = CFD75931257559BB005A2CE1 /* ProgressViewExampleUITests.xctest */;
			productType = "com.apple.product-type.bundle.ui-testing";
		};
/* End PBXNativeTarget section */

/* Begin PBXProject section */
		CFD75908257559B6005A2CE1 /* Project object */ = {
			isa = PBXProject;
			attributes = {
				LastSwiftUpdateCheck = 1220;
				LastUpgradeCheck = 1220;
				TargetAttributes = {
					CFD7590F257559B6005A2CE1 = {
						CreatedOnToolsVersion = 12.2;
					};
					CFD75925257559BB005A2CE1 = {
						CreatedOnToolsVersion = 12.2;
						TestTargetID = CFD7590F257559B6005A2CE1;
					};
					CFD75930257559BB005A2CE1 = {
						CreatedOnToolsVersion = 12.2;
						TestTargetID = CFD7590F257559B6005A2CE1;
					};
				};
			};
			buildConfigurationList = CFD7590B257559B6005A2CE1 /* Build configuration list for PBXProject "ProgressViewExample" */;
			compatibilityVersion = "Xcode 9.3";
			developmentRegion = en;
			hasScannedForEncodings = 0;
			knownRegions = (
				en,
				Base,
			);
			mainGroup = CFD75907257559B6005A2CE1;
			productRefGroup = CFD75911257559B6005A2CE1 /* Products */;
			projectDirPath = "";
			projectRoot = "";
			targets = (
				CFD7590F257559B6005A2CE1 /* ProgressViewExample */,
				CFD75925257559BB005A2CE1 /* ProgressViewExampleTests */,
				CFD75930257559BB005A2CE1 /* ProgressViewExampleUITests */,
			);
		};
/* End PBXProject section */

/* Begin PBXResourcesBuildPhase section */
		CFD7590E257559B6005A2CE1 /* Resources */ = {
			isa = PBXResourcesBuildPhase;
			buildActionMask = 2147483647;
			files = (
				CFD75920257559BB005A2CE1 /* LaunchScreen.storyboard in Resources */,
				CFD7591D257559BB005A2CE1 /* Preview Assets.xcassets in Resources */,
				CFD7591A257559BB005A2CE1 /* Assets.xcassets in Resources */,
			);
			runOnlyForDeploymentPostprocessing = 0;
		};
		CFD75924257559BB005A2CE1 /* Resources */ = {
			isa = PBXResourcesBuildPhase;
			buildActionMask = 2147483647;
			files = (
			);
			runOnlyForDeploymentPostprocessing = 0;
		};
		CFD7592F257559BB005A2CE1 /* Resources */ = {
			isa = PBXResourcesBuildPhase;
			buildActionMask = 2147483647;
			files = (
			);
			runOnlyForDeploymentPostprocessing = 0;
		};
/* End PBXResourcesBuildPhase section */

/* Begin PBXSourcesBuildPhase section */
		CFD7590C257559B6005A2CE1 /* Sources */ = {
			isa = PBXSourcesBuildPhase;
			buildActionMask = 2147483647;
			files = (
				CFD75914257559B6005A2CE1 /* AppDelegate.swift in Sources */,
				CFD75947257559E3005A2CE1 /* ProgressBarView.swift in Sources */,
				CFD75916257559B6005A2CE1 /* SceneDelegate.swift in Sources */,
				CFD75918257559B6005A2CE1 /* ContentView.swift in Sources */,
			);
			runOnlyForDeploymentPostprocessing = 0;
		};
		CFD75922257559BB005A2CE1 /* Sources */ = {
			isa = PBXSourcesBuildPhase;
			buildActionMask = 2147483647;
			files = (
				CFD7592B257559BB005A2CE1 /* ProgressViewExampleTests.swift in Sources */,
			);
			runOnlyForDeploymentPostprocessing = 0;
		};
		CFD7592D257559BB005A2CE1 /* Sources */ = {
			isa = PBXSourcesBuildPhase;
			buildActionMask = 2147483647;
			files = (
				CFD75936257559BB005A2CE1 /* ProgressViewExampleUITests.swift in Sources */,
			);
			runOnlyForDeploymentPostprocessing = 0;
		};
/* End PBXSourcesBuildPhase section */

/* Begin PBXTargetDependency section */
		CFD75928257559BB005A2CE1 /* PBXTargetDependency */ = {
			isa = PBXTargetDependency;
			target = CFD7590F257559B6005A2CE1 /* ProgressViewExample */;
			targetProxy = CFD75927257559BB005A2CE1 /* PBXContainerItemProxy */;
		};
		CFD75933257559BB005A2CE1 /* PBXTargetDependency */ = {
			isa = PBXTargetDependency;
			target = CFD7590F257559B6005A2CE1 /* ProgressViewExample */;
			targetProxy = CFD75932257559BB005A2CE1 /* PBXContainerItemProxy */;
		};
/* End PBXTargetDependency section */

/* Begin PBXVariantGroup section */
		CFD7591E257559BB005A2CE1 /* LaunchScreen.storyboard */ = {
			isa = PBXVariantGroup;
			children = (
				CFD7591F257559BB005A2CE1 /* Base */,
			);
			name = LaunchScreen.storyboard;
			sourceTree = "<group>";
		};
/* End PBXVariantGroup section */

/* Begin XCBuildConfiguration section */
		CFD75938257559BB005A2CE1 /* Debug */ = {
			isa = XCBuildConfiguration;
			buildSettings = {
				ALWAYS_SEARCH_USER_PATHS = NO;
				CLANG_ANALYZER_NONNULL = YES;
				CLANG_ANALYZER_NUMBER_OBJECT_CONVERSION = YES_AGGRESSIVE;
				CLANG_CXX_LANGUAGE_STANDARD = "gnu++14";
				CLANG_CXX_LIBRARY = "libc++";
				CLANG_ENABLE_MODULES = YES;
				CLANG_ENABLE_OBJC_ARC = YES;
				CLANG_ENABLE_OBJC_WEAK = YES;
				CLANG_WARN_BLOCK_CAPTURE_AUTORELEASING = YES;
				CLANG_WARN_BOOL_CONVERSION = YES;
				CLANG_WARN_COMMA = YES;
				CLANG_WARN_CONSTANT_CONVERSION = YES;
				CLANG_WARN_DEPRECATED_OBJC_IMPLEMENTATIONS = YES;
				CLANG_WARN_DIRECT_OBJC_ISA_USAGE = YES_ERROR;
				CLANG_WARN_DOCUMENTATION_COMMENTS = YES;
				CLANG_WARN_EMPTY_BODY = YES;
				CLANG_WARN_ENUM_CONVERSION = YES;
				CLANG_WARN_INFINITE_RECURSION = YES;
				CLANG_WARN_INT_CONVERSION = YES;
				CLANG_WARN_NON_LITERAL_NULL_CONVERSION = YES;
				CLANG_WARN_OBJC_IMPLICIT_RETAIN_SELF = YES;
				CLANG_WARN_OBJC_LITERAL_CONVERSION = YES;
				CLANG_WARN_OBJC_ROOT_CLASS = YES_ERROR;
				CLANG_WARN_QUOTED_INCLUDE_IN_FRAMEWORK_HEADER = YES;
				CLANG_WARN_RANGE_LOOP_ANALYSIS = YES;
				CLANG_WARN_STRICT_PROTOTYPES = YES;
				CLANG_WARN_SUSPICIOUS_MOVE = YES;
				CLANG_WARN_UNGUARDED_AVAILABILITY = YES_AGGRESSIVE;
				CLANG_WARN_UNREACHABLE_CODE = YES;
				CLANG_WARN__DUPLICATE_METHOD_MATCH = YES;
				COPY_PHASE_STRIP = NO;
				DEBUG_INFORMATION_FORMAT = dwarf;
				ENABLE_STRICT_OBJC_MSGSEND = YES;
				ENABLE_TESTABILITY = YES;
				GCC_C_LANGUAGE_STANDARD = gnu11;
				GCC_DYNAMIC_NO_PIC = NO;
				GCC_NO_COMMON_BLOCKS = YES;
				GCC_OPTIMIZATION_LEVEL = 0;
				GCC_PREPROCESSOR_DEFINITIONS = (
					"DEBUG=1",
					"$(inherited)",
				);
				GCC_WARN_64_TO_32_BIT_CONVERSION = YES;
				GCC_WARN_ABOUT_RETURN_TYPE = YES_ERROR;
				GCC_WARN_UNDECLARED_SELECTOR = YES;
				GCC_WARN_UNINITIALIZED_AUTOS = YES_AGGRESSIVE;
				GCC_WARN_UNUSED_FUNCTION = YES;
				GCC_WARN_UNUSED_VARIABLE = YES;
				IPHONEOS_DEPLOYMENT_TARGET = 14.2;
				MTL_ENABLE_DEBUG_INFO = INCLUDE_SOURCE;
				MTL_FAST_MATH = YES;
				ONLY_ACTIVE_ARCH = YES;
				SDKROOT = iphoneos;
				SWIFT_ACTIVE_COMPILATION_CONDITIONS = DEBUG;
				SWIFT_OPTIMIZATION_LEVEL = "-Onone";
			};
			name = Debug;
		};
		CFD75939257559BB005A2CE1 /* Release */ = {
			isa = XCBuildConfiguration;
			buildSettings = {
				ALWAYS_SEARCH_USER_PATHS = NO;
				CLANG_ANALYZER_NONNULL = YES;
				CLANG_ANALYZER_NUMBER_OBJECT_CONVERSION = YES_AGGRESSIVE;
				CLANG_CXX_LANGUAGE_STANDARD = "gnu++14";
				CLANG_CXX_LIBRARY = "libc++";
				CLANG_ENABLE_MODULES = YES;
				CLANG_ENABLE_OBJC_ARC = YES;
				CLANG_ENABLE_OBJC_WEAK = YES;
				CLANG_WARN_BLOCK_CAPTURE_AUTORELEASING = YES;
				CLANG_WARN_BOOL_CONVERSION = YES;
				CLANG_WARN_COMMA = YES;
				CLANG_WARN_CONSTANT_CONVERSION = YES;
				CLANG_WARN_DEPRECATED_OBJC_IMPLEMENTATIONS = YES;
				CLANG_WARN_DIRECT_OBJC_ISA_USAGE = YES_ERROR;
				CLANG_WARN_DOCUMENTATION_COMMENTS = YES;
				CLANG_WARN_EMPTY_BODY = YES;
				CLANG_WARN_ENUM_CONVERSION = YES;
				CLANG_WARN_INFINITE_RECURSION = YES;
				CLANG_WARN_INT_CONVERSION = YES;
				CLANG_WARN_NON_LITERAL_NULL_CONVERSION = YES;
				CLANG_WARN_OBJC_IMPLICIT_RETAIN_SELF = YES;
				CLANG_WARN_OBJC_LITERAL_CONVERSION = YES;
				CLANG_WARN_OBJC_ROOT_CLASS = YES_ERROR;
				CLANG_WARN_QUOTED_INCLUDE_IN_FRAMEWORK_HEADER = YES;
				CLANG_WARN_RANGE_LOOP_ANALYSIS = YES;
				CLANG_WARN_STRICT_PROTOTYPES = YES;
				CLANG_WARN_SUSPICIOUS_MOVE = YES;
				CLANG_WARN_UNGUARDED_AVAILABILITY = YES_AGGRESSIVE;
				CLANG_WARN_UNREACHABLE_CODE = YES;
				CLANG_WARN__DUPLICATE_METHOD_MATCH = YES;
				COPY_PHASE_STRIP = NO;
				DEBUG_INFORMATION_FORMAT = "dwarf-with-dsym";
				ENABLE_NS_ASSERTIONS = NO;
				ENABLE_STRICT_OBJC_MSGSEND = YES;
				GCC_C_LANGUAGE_STANDARD = gnu11;
				GCC_NO_COMMON_BLOCKS = YES;
				GCC_WARN_64_TO_32_BIT_CONVERSION = YES;
				GCC_WARN_ABOUT_RETURN_TYPE = YES_ERROR;
				GCC_WARN_UNDECLARED_SELECTOR = YES;
				GCC_WARN_UNINITIALIZED_AUTOS = YES_AGGRESSIVE;
				GCC_WARN_UNUSED_FUNCTION = YES;
				GCC_WARN_UNUSED_VARIABLE = YES;
				IPHONEOS_DEPLOYMENT_TARGET = 14.2;
				MTL_ENABLE_DEBUG_INFO = NO;
				MTL_FAST_MATH = YES;
				SDKROOT = iphoneos;
				SWIFT_COMPILATION_MODE = wholemodule;
				SWIFT_OPTIMIZATION_LEVEL = "-O";
				VALIDATE_PRODUCT = YES;
			};
			name = Release;
		};
		CFD7593B257559BB005A2CE1 /* Debug */ = {
			isa = XCBuildConfiguration;
			buildSettings = {
				ASSETCATALOG_COMPILER_APPICON_NAME = AppIcon;
				ASSETCATALOG_COMPILER_GLOBAL_ACCENT_COLOR_NAME = AccentColor;
				CODE_SIGN_STYLE = Automatic;
				DEVELOPMENT_ASSET_PATHS = "\"ProgressViewExample/Preview Content\"";
				DEVELOPMENT_TEAM = ZWXN4J2VCP;
				ENABLE_PREVIEWS = YES;
				INFOPLIST_FILE = ProgressViewExample/Info.plist;
				LD_RUNPATH_SEARCH_PATHS = (
					"$(inherited)",
					"@executable_path/Frameworks",
				);
				PRODUCT_BUNDLE_IDENTIFIER = "Nikolai-Baklanov.ProgressViewExample";
				PRODUCT_NAME = "$(TARGET_NAME)";
				SWIFT_VERSION = 5.0;
				TARGETED_DEVICE_FAMILY = "1,2";
			};
			name = Debug;
		};
		CFD7593C257559BB005A2CE1 /* Release */ = {
			isa = XCBuildConfiguration;
			buildSettings = {
				ASSETCATALOG_COMPILER_APPICON_NAME = AppIcon;
				ASSETCATALOG_COMPILER_GLOBAL_ACCENT_COLOR_NAME = AccentColor;
				CODE_SIGN_STYLE = Automatic;
				DEVELOPMENT_ASSET_PATHS = "\"ProgressViewExample/Preview Content\"";
				DEVELOPMENT_TEAM = ZWXN4J2VCP;
				ENABLE_PREVIEWS = YES;
				INFOPLIST_FILE = ProgressViewExample/Info.plist;
				LD_RUNPATH_SEARCH_PATHS = (
					"$(inherited)",
					"@executable_path/Frameworks",
				);
				PRODUCT_BUNDLE_IDENTIFIER = "Nikolai-Baklanov.ProgressViewExample";
				PRODUCT_NAME = "$(TARGET_NAME)";
				SWIFT_VERSION = 5.0;
				TARGETED_DEVICE_FAMILY = "1,2";
			};
			name = Release;
		};
		CFD7593E257559BB005A2CE1 /* Debug */ = {
			isa = XCBuildConfiguration;
			buildSettings = {
				ALWAYS_EMBED_SWIFT_STANDARD_LIBRARIES = YES;
				BUNDLE_LOADER = "$(TEST_HOST)";
				CODE_SIGN_STYLE = Automatic;
				DEVELOPMENT_TEAM = ZWXN4J2VCP;
				INFOPLIST_FILE = ProgressViewExampleTests/Info.plist;
				IPHONEOS_DEPLOYMENT_TARGET = 14.2;
				LD_RUNPATH_SEARCH_PATHS = (
					"$(inherited)",
					"@executable_path/Frameworks",
					"@loader_path/Frameworks",
				);
				PRODUCT_BUNDLE_IDENTIFIER = "Nikolai-Baklanov.ProgressViewExampleTests";
				PRODUCT_NAME = "$(TARGET_NAME)";
				SWIFT_VERSION = 5.0;
				TARGETED_DEVICE_FAMILY = "1,2";
				TEST_HOST = "$(BUILT_PRODUCTS_DIR)/ProgressViewExample.app/ProgressViewExample";
			};
			name = Debug;
		};
		CFD7593F257559BB005A2CE1 /* Release */ = {
			isa = XCBuildConfiguration;
			buildSettings = {
				ALWAYS_EMBED_SWIFT_STANDARD_LIBRARIES = YES;
				BUNDLE_LOADER = "$(TEST_HOST)";
				CODE_SIGN_STYLE = Automatic;
				DEVELOPMENT_TEAM = ZWXN4J2VCP;
				INFOPLIST_FILE = ProgressViewExampleTests/Info.plist;
				IPHONEOS_DEPLOYMENT_TARGET = 14.2;
				LD_RUNPATH_SEARCH_PATHS = (
					"$(inherited)",
					"@executable_path/Frameworks",
					"@loader_path/Frameworks",
				);
				PRODUCT_BUNDLE_IDENTIFIER = "Nikolai-Baklanov.ProgressViewExampleTests";
				PRODUCT_NAME = "$(TARGET_NAME)";
				SWIFT_VERSION = 5.0;
				TARGETED_DEVICE_FAMILY = "1,2";
				TEST_HOST = "$(BUILT_PRODUCTS_DIR)/ProgressViewExample.app/ProgressViewExample";
			};
			name = Release;
		};
		CFD75941257559BB005A2CE1 /* Debug */ = {
			isa = XCBuildConfiguration;
			buildSettings = {
				ALWAYS_EMBED_SWIFT_STANDARD_LIBRARIES = YES;
				CODE_SIGN_STYLE = Automatic;
				DEVELOPMENT_TEAM = ZWXN4J2VCP;
				INFOPLIST_FILE = ProgressViewExampleUITests/Info.plist;
				LD_RUNPATH_SEARCH_PATHS = (
					"$(inherited)",
					"@executable_path/Frameworks",
					"@loader_path/Frameworks",
				);
				PRODUCT_BUNDLE_IDENTIFIER = "Nikolai-Baklanov.ProgressViewExampleUITests";
				PRODUCT_NAME = "$(TARGET_NAME)";
				SWIFT_VERSION = 5.0;
				TARGETED_DEVICE_FAMILY = "1,2";
				TEST_TARGET_NAME = ProgressViewExample;
			};
			name = Debug;
		};
		CFD75942257559BB005A2CE1 /* Release */ = {
			isa = XCBuildConfiguration;
			buildSettings = {
				ALWAYS_EMBED_SWIFT_STANDARD_LIBRARIES = YES;
				CODE_SIGN_STYLE = Automatic;
				DEVELOPMENT_TEAM = ZWXN4J2VCP;
				INFOPLIST_FILE = ProgressViewExampleUITests/Info.plist;
				LD_RUNPATH_SEARCH_PATHS = (
					"$(inherited)",
					"@executable_path/Frameworks",
					"@loader_path/Frameworks",
				);
				PRODUCT_BUNDLE_IDENTIFIER = "Nikolai-Baklanov.ProgressViewExampleUITests";
				PRODUCT_NAME = "$(TARGET_NAME)";
				SWIFT_VERSION = 5.0;
				TARGETED_DEVICE_FAMILY = "1,2";
				TEST_TARGET_NAME = ProgressViewExample;
			};
			name = Release;
		};
/* End XCBuildConfiguration section */

/* Begin XCConfigurationList section */
		CFD7590B257559B6005A2CE1 /* Build configuration list for PBXProject "ProgressViewExample" */ = {
			isa = XCConfigurationList;
			buildConfigurations = (
				CFD75938257559BB005A2CE1 /* Debug */,
				CFD75939257559BB005A2CE1 /* Release */,
			);
			defaultConfigurationIsVisible = 0;
			defaultConfigurationName = Release;
		};
		CFD7593A257559BB005A2CE1 /* Build configuration list for PBXNativeTarget "ProgressViewExample" */ = {
			isa = XCConfigurationList;
			buildConfigurations = (
				CFD7593B257559BB005A2CE1 /* Debug */,
				CFD7593C257559BB005A2CE1 /* Release */,
			);
			defaultConfigurationIsVisible = 0;
			defaultConfigurationName = Release;
		};
		CFD7593D257559BB005A2CE1 /* Build configuration list for PBXNativeTarget "ProgressViewExampleTests" */ = {
			isa = XCConfigurationList;
			buildConfigurations = (
				CFD7593E257559BB005A2CE1 /* Debug */,
				CFD7593F257559BB005A2CE1 /* Release */,
			);
			defaultConfigurationIsVisible = 0;
			defaultConfigurationName = Release;
		};
		CFD75940257559BB005A2CE1 /* Build configuration list for PBXNativeTarget "ProgressViewExampleUITests" */ = {
			isa = XCConfigurationList;
			buildConfigurations = (
				CFD75941257559BB005A2CE1 /* Debug */,
				CFD75942257559BB005A2CE1 /* Release */,
			);
			defaultConfigurationIsVisible = 0;
			defaultConfigurationName = Release;
		};
/* End XCConfigurationList section */
	};
	rootObject = CFD75908257559B6005A2CE1 /* Project object */;
}
