// !$*UTF8*$!
{
	archiveVersion = 1;
	classes = {
	};
	objectVersion = 55;
	objects = {

/* Begin PBXBuildFile section */
		9181D107286C953E00529C94 /* MetalAppApp.swift in Sources */ = {isa = PBXBuildFile; fileRef = 9181D106286C953E00529C94 /* MetalAppApp.swift */; };
		9181D109286C953E00529C94 /* ContentView.swift in Sources */ = {isa = PBXBuildFile; fileRef = 9181D108286C953E00529C94 /* ContentView.swift */; };
		9181D10B286C954100529C94 /* Assets.xcassets in Resources */ = {isa = PBXBuildFile; fileRef = 9181D10A286C954100529C94 /* Assets.xcassets */; };
		9181D10E286C954100529C94 /* Preview Assets.xcassets in Resources */ = {isa = PBXBuildFile; fileRef = 9181D10D286C954100529C94 /* Preview Assets.xcassets */; };
		9181D116286C983500529C94 /* MetalView.swift in Sources */ = {isa = PBXBuildFile; fileRef = 9181D115286C983500529C94 /* MetalView.swift */; };
		9181D119286C98F700529C94 /* MetalCoordinator.swift in Sources */ = {isa = PBXBuildFile; fileRef = 9181D118286C98F700529C94 /* MetalCoordinator.swift */; };
		9181D11B286C99E300529C94 /* Renderer.swift in Sources */ = {isa = PBXBuildFile; fileRef = 9181D11A286C99E300529C94 /* Renderer.swift */; };
		9181D11E286C9B4900529C94 /* Renderer+Delegate.swift in Sources */ = {isa = PBXBuildFile; fileRef = 9181D11D286C9B4900529C94 /* Renderer+Delegate.swift */; };
		9181D122286C9C5800529C94 /* Quaternion.swift in Sources */ = {isa = PBXBuildFile; fileRef = 9181D120286C9C5800529C94 /* Quaternion.swift */; };
		9181D123286C9C5800529C94 /* Uniforms.swift in Sources */ = {isa = PBXBuildFile; fileRef = 9181D121286C9C5800529C94 /* Uniforms.swift */; };
		9181D128286DE16900529C94 /* 9935-v1.jpg in Resources */ = {isa = PBXBuildFile; fileRef = 9181D125286DE16900529C94 /* 9935-v1.jpg */; };
		9181D129286DE16900529C94 /* teapot.mtl in Resources */ = {isa = PBXBuildFile; fileRef = 9181D126286DE16900529C94 /* teapot.mtl */; };
		9181D12A286DE16900529C94 /* teapot.obj in Resources */ = {isa = PBXBuildFile; fileRef = 9181D127286DE16900529C94 /* teapot.obj */; };
		9181D12E286DE91200529C94 /* TextureShader.metal in Sources */ = {isa = PBXBuildFile; fileRef = 9181D12C286DE91200529C94 /* TextureShader.metal */; };
		9181D12F286DE91200529C94 /* MaterialShader.metal in Sources */ = {isa = PBXBuildFile; fileRef = 9181D12D286DE91200529C94 /* MaterialShader.metal */; };
/* End PBXBuildFile section */

/* Begin PBXFileReference section */
		9181D103286C953E00529C94 /* MetalApp.app */ = {isa = PBXFileReference; explicitFileType = wrapper.application; includeInIndex = 0; path = MetalApp.app; sourceTree = BUILT_PRODUCTS_DIR; };
		9181D106286C953E00529C94 /* MetalAppApp.swift */ = {isa = PBXFileReference; lastKnownFileType = sourcecode.swift; path = MetalAppApp.swift; sourceTree = "<group>"; };
		9181D108286C953E00529C94 /* ContentView.swift */ = {isa = PBXFileReference; lastKnownFileType = sourcecode.swift; path = ContentView.swift; sourceTree = "<group>"; };
		9181D10A286C954100529C94 /* Assets.xcassets */ = {isa = PBXFileReference; lastKnownFileType = folder.assetcatalog; path = Assets.xcassets; sourceTree = "<group>"; };
		9181D10D286C954100529C94 /* Preview Assets.xcassets */ = {isa = PBXFileReference; lastKnownFileType = folder.assetcatalog; path = "Preview Assets.xcassets"; sourceTree = "<group>"; };
		9181D115286C983500529C94 /* MetalView.swift */ = {isa = PBXFileReference; lastKnownFileType = sourcecode.swift; path = MetalView.swift; sourceTree = "<group>"; };
		9181D118286C98F700529C94 /* MetalCoordinator.swift */ = {isa = PBXFileReference; lastKnownFileType = sourcecode.swift; path = MetalCoordinator.swift; sourceTree = "<group>"; };
		9181D11A286C99E300529C94 /* Renderer.swift */ = {isa = PBXFileReference; lastKnownFileType = sourcecode.swift; path = Renderer.swift; sourceTree = "<group>"; };
		9181D11D286C9B4900529C94 /* Renderer+Delegate.swift */ = {isa = PBXFileReference; lastKnownFileType = sourcecode.swift; path = "Renderer+Delegate.swift"; sourceTree = "<group>"; };
		9181D120286C9C5800529C94 /* Quaternion.swift */ = {isa = PBXFileReference; fileEncoding = 4; lastKnownFileType = sourcecode.swift; path = Quaternion.swift; sourceTree = "<group>"; };
		9181D121286C9C5800529C94 /* Uniforms.swift */ = {isa = PBXFileReference; fileEncoding = 4; lastKnownFileType = sourcecode.swift; path = Uniforms.swift; sourceTree = "<group>"; };
		9181D125286DE16900529C94 /* 9935-v1.jpg */ = {isa = PBXFileReference; lastKnownFileType = image.jpeg; path = "9935-v1.jpg"; sourceTree = "<group>"; };
		9181D126286DE16900529C94 /* teapot.mtl */ = {isa = PBXFileReference; fileEncoding = 4; lastKnownFileType = text; path = teapot.mtl; sourceTree = "<group>"; };
		9181D127286DE16900529C94 /* teapot.obj */ = {isa = PBXFileReference; fileEncoding = 4; lastKnownFileType = text; path = teapot.obj; sourceTree = "<group>"; };
		9181D12C286DE91200529C94 /* TextureShader.metal */ = {isa = PBXFileReference; fileEncoding = 4; lastKnownFileType = sourcecode.metal; path = TextureShader.metal; sourceTree = "<group>"; };
		9181D12D286DE91200529C94 /* MaterialShader.metal */ = {isa = PBXFileReference; fileEncoding = 4; lastKnownFileType = sourcecode.metal; path = MaterialShader.metal; sourceTree = "<group>"; };
/* End PBXFileReference section */

/* Begin PBXFrameworksBuildPhase section */
		9181D100286C953E00529C94 /* Frameworks */ = {
			isa = PBXFrameworksBuildPhase;
			buildActionMask = 2147483647;
			files = (
			);
			runOnlyForDeploymentPostprocessing = 0;
		};
/* End PBXFrameworksBuildPhase section */

/* Begin PBXGroup section */
		9181D0FA286C953E00529C94 = {
			isa = PBXGroup;
			children = (
				9181D105286C953E00529C94 /* MetalApp */,
				9181D104286C953E00529C94 /* Products */,
			);
			sourceTree = "<group>";
		};
		9181D104286C953E00529C94 /* Products */ = {
			isa = PBXGroup;
			children = (
				9181D103286C953E00529C94 /* MetalApp.app */,
			);
			name = Products;
			sourceTree = "<group>";
		};
		9181D105286C953E00529C94 /* MetalApp */ = {
			isa = PBXGroup;
			children = (
				9181D12B286DE91200529C94 /* Shaders */,
				9181D124286DE16900529C94 /* Resource */,
				9181D11F286C9C5800529C94 /* MetalLinearAlgebra */,
				9181D11C286C9B2E00529C94 /* Extensions */,
				9181D117286C98EA00529C94 /* Common */,
				9181D114286C981300529C94 /* TeaPodView */,
				9181D106286C953E00529C94 /* MetalAppApp.swift */,
				9181D108286C953E00529C94 /* ContentView.swift */,
				9181D10A286C954100529C94 /* Assets.xcassets */,
				9181D10C286C954100529C94 /* Preview Content */,
			);
			path = MetalApp;
			sourceTree = "<group>";
		};
		9181D10C286C954100529C94 /* Preview Content */ = {
			isa = PBXGroup;
			children = (
				9181D10D286C954100529C94 /* Preview Assets.xcassets */,
			);
			path = "Preview Content";
			sourceTree = "<group>";
		};
		9181D114286C981300529C94 /* TeaPodView */ = {
			isa = PBXGroup;
			children = (
			);
			path = TeaPodView;
			sourceTree = "<group>";
		};
		9181D117286C98EA00529C94 /* Common */ = {
			isa = PBXGroup;
			children = (
				9181D115286C983500529C94 /* MetalView.swift */,
				9181D118286C98F700529C94 /* MetalCoordinator.swift */,
				9181D11A286C99E300529C94 /* Renderer.swift */,
			);
			path = Common;
			sourceTree = "<group>";
		};
		9181D11C286C9B2E00529C94 /* Extensions */ = {
			isa = PBXGroup;
			children = (
				9181D11D286C9B4900529C94 /* Renderer+Delegate.swift */,
			);
			path = Extensions;
			sourceTree = "<group>";
		};
		9181D11F286C9C5800529C94 /* MetalLinearAlgebra */ = {
			isa = PBXGroup;
			children = (
				9181D120286C9C5800529C94 /* Quaternion.swift */,
				9181D121286C9C5800529C94 /* Uniforms.swift */,
			);
			path = MetalLinearAlgebra;
			sourceTree = "<group>";
		};
		9181D124286DE16900529C94 /* Resource */ = {
			isa = PBXGroup;
			children = (
				9181D125286DE16900529C94 /* 9935-v1.jpg */,
				9181D126286DE16900529C94 /* teapot.mtl */,
				9181D127286DE16900529C94 /* teapot.obj */,
			);
			path = Resource;
			sourceTree = "<group>";
		};
		9181D12B286DE91200529C94 /* Shaders */ = {
			isa = PBXGroup;
			children = (
				9181D12C286DE91200529C94 /* TextureShader.metal */,
				9181D12D286DE91200529C94 /* MaterialShader.metal */,
			);
			path = Shaders;
			sourceTree = "<group>";
		};
/* End PBXGroup section */

/* Begin PBXNativeTarget section */
		9181D102286C953E00529C94 /* MetalApp */ = {
			isa = PBXNativeTarget;
			buildConfigurationList = 9181D111286C954100529C94 /* Build configuration list for PBXNativeTarget "MetalApp" */;
			buildPhases = (
				9181D0FF286C953E00529C94 /* Sources */,
				9181D100286C953E00529C94 /* Frameworks */,
				9181D101286C953E00529C94 /* Resources */,
			);
			buildRules = (
			);
			dependencies = (
			);
			name = MetalApp;
			productName = MetalApp;
			productReference = 9181D103286C953E00529C94 /* MetalApp.app */;
			productType = "com.apple.product-type.application";
		};
/* End PBXNativeTarget section */

/* Begin PBXProject section */
		9181D0FB286C953E00529C94 /* Project object */ = {
			isa = PBXProject;
			attributes = {
				BuildIndependentTargetsInParallel = 1;
				LastSwiftUpdateCheck = 1340;
				LastUpgradeCheck = 1340;
				TargetAttributes = {
					9181D102286C953E00529C94 = {
						CreatedOnToolsVersion = 13.4.1;
					};
				};
			};
			buildConfigurationList = 9181D0FE286C953E00529C94 /* Build configuration list for PBXProject "MetalApp" */;
			compatibilityVersion = "Xcode 13.0";
			developmentRegion = en;
			hasScannedForEncodings = 0;
			knownRegions = (
				en,
				Base,
			);
			mainGroup = 9181D0FA286C953E00529C94;
			productRefGroup = 9181D104286C953E00529C94 /* Products */;
			projectDirPath = "";
			projectRoot = "";
			targets = (
				9181D102286C953E00529C94 /* MetalApp */,
			);
		};
/* End PBXProject section */

/* Begin PBXResourcesBuildPhase section */
		9181D101286C953E00529C94 /* Resources */ = {
			isa = PBXResourcesBuildPhase;
			buildActionMask = 2147483647;
			files = (
				9181D10E286C954100529C94 /* Preview Assets.xcassets in Resources */,
				9181D10B286C954100529C94 /* Assets.xcassets in Resources */,
				9181D129286DE16900529C94 /* teapot.mtl in Resources */,
				9181D128286DE16900529C94 /* 9935-v1.jpg in Resources */,
				9181D12A286DE16900529C94 /* teapot.obj in Resources */,
			);
			runOnlyForDeploymentPostprocessing = 0;
		};
/* End PBXResourcesBuildPhase section */

/* Begin PBXSourcesBuildPhase section */
		9181D0FF286C953E00529C94 /* Sources */ = {
			isa = PBXSourcesBuildPhase;
			buildActionMask = 2147483647;
			files = (
				9181D119286C98F700529C94 /* MetalCoordinator.swift in Sources */,
				9181D11E286C9B4900529C94 /* Renderer+Delegate.swift in Sources */,
				9181D116286C983500529C94 /* MetalView.swift in Sources */,
				9181D109286C953E00529C94 /* ContentView.swift in Sources */,
				9181D123286C9C5800529C94 /* Uniforms.swift in Sources */,
				9181D12F286DE91200529C94 /* MaterialShader.metal in Sources */,
				9181D12E286DE91200529C94 /* TextureShader.metal in Sources */,
				9181D122286C9C5800529C94 /* Quaternion.swift in Sources */,
				9181D11B286C99E300529C94 /* Renderer.swift in Sources */,
				9181D107286C953E00529C94 /* MetalAppApp.swift in Sources */,
			);
			runOnlyForDeploymentPostprocessing = 0;
		};
/* End PBXSourcesBuildPhase section */

/* Begin XCBuildConfiguration section */
		9181D10F286C954100529C94 /* Debug */ = {
			isa = XCBuildConfiguration;
			buildSettings = {
				ALWAYS_SEARCH_USER_PATHS = NO;
				CLANG_ANALYZER_NONNULL = YES;
				CLANG_ANALYZER_NUMBER_OBJECT_CONVERSION = YES_AGGRESSIVE;
				CLANG_CXX_LANGUAGE_STANDARD = "gnu++17";
				CLANG_ENABLE_MODULES = YES;
				CLANG_ENABLE_OBJC_ARC = YES;
				CLANG_ENABLE_OBJC_WEAK = YES;
				CLANG_WARN_BLOCK_CAPTURE_AUTORELEASING = YES;
				CLANG_WARN_BOOL_CONVERSION = YES;
				CLANG_WARN_COMMA = YES;
				CLANG_WARN_CONSTANT_CONVERSION = YES;
				CLANG_WARN_DEPRECATED_OBJC_IMPLEMENTATIONS = YES;
				CLANG_WARN_DIRECT_OBJC_ISA_USAGE = YES_ERROR;
				CLANG_WARN_DOCUMENTATION_COMMENTS = YES;
				CLANG_WARN_EMPTY_BODY = YES;
				CLANG_WARN_ENUM_CONVERSION = YES;
				CLANG_WARN_INFINITE_RECURSION = YES;
				CLANG_WARN_INT_CONVERSION = YES;
				CLANG_WARN_NON_LITERAL_NULL_CONVERSION = YES;
				CLANG_WARN_OBJC_IMPLICIT_RETAIN_SELF = YES;
				CLANG_WARN_OBJC_LITERAL_CONVERSION = YES;
				CLANG_WARN_OBJC_ROOT_CLASS = YES_ERROR;
				CLANG_WARN_QUOTED_INCLUDE_IN_FRAMEWORK_HEADER = YES;
				CLANG_WARN_RANGE_LOOP_ANALYSIS = YES;
				CLANG_WARN_STRICT_PROTOTYPES = YES;
				CLANG_WARN_SUSPICIOUS_MOVE = YES;
				CLANG_WARN_UNGUARDED_AVAILABILITY = YES_AGGRESSIVE;
				CLANG_WARN_UNREACHABLE_CODE = YES;
				CLANG_WARN__DUPLICATE_METHOD_MATCH = YES;
				COPY_PHASE_STRIP = NO;
				DEBUG_INFORMATION_FORMAT = dwarf;
				ENABLE_STRICT_OBJC_MSGSEND = YES;
				ENABLE_TESTABILITY = YES;
				GCC_C_LANGUAGE_STANDARD = gnu11;
				GCC_DYNAMIC_NO_PIC = NO;
				GCC_NO_COMMON_BLOCKS = YES;
				GCC_OPTIMIZATION_LEVEL = 0;
				GCC_PREPROCESSOR_DEFINITIONS = (
					"DEBUG=1",
					"$(inherited)",
				);
				GCC_WARN_64_TO_32_BIT_CONVERSION = YES;
				GCC_WARN_ABOUT_RETURN_TYPE = YES_ERROR;
				GCC_WARN_UNDECLARED_SELECTOR = YES;
				GCC_WARN_UNINITIALIZED_AUTOS = YES_AGGRESSIVE;
				GCC_WARN_UNUSED_FUNCTION = YES;
				GCC_WARN_UNUSED_VARIABLE = YES;
				IPHONEOS_DEPLOYMENT_TARGET = 15.5;
				MTL_ENABLE_DEBUG_INFO = INCLUDE_SOURCE;
				MTL_FAST_MATH = YES;
				ONLY_ACTIVE_ARCH = YES;
				SDKROOT = iphoneos;
				SWIFT_ACTIVE_COMPILATION_CONDITIONS = DEBUG;
				SWIFT_OPTIMIZATION_LEVEL = "-Onone";
			};
			name = Debug;
		};
		9181D110286C954100529C94 /* Release */ = {
			isa = XCBuildConfiguration;
			buildSettings = {
				ALWAYS_SEARCH_USER_PATHS = NO;
				CLANG_ANALYZER_NONNULL = YES;
				CLANG_ANALYZER_NUMBER_OBJECT_CONVERSION = YES_AGGRESSIVE;
				CLANG_CXX_LANGUAGE_STANDARD = "gnu++17";
				CLANG_ENABLE_MODULES = YES;
				CLANG_ENABLE_OBJC_ARC = YES;
				CLANG_ENABLE_OBJC_WEAK = YES;
				CLANG_WARN_BLOCK_CAPTURE_AUTORELEASING = YES;
				CLANG_WARN_BOOL_CONVERSION = YES;
				CLANG_WARN_COMMA = YES;
				CLANG_WARN_CONSTANT_CONVERSION = YES;
				CLANG_WARN_DEPRECATED_OBJC_IMPLEMENTATIONS = YES;
				CLANG_WARN_DIRECT_OBJC_ISA_USAGE = YES_ERROR;
				CLANG_WARN_DOCUMENTATION_COMMENTS = YES;
				CLANG_WARN_EMPTY_BODY = YES;
				CLANG_WARN_ENUM_CONVERSION = YES;
				CLANG_WARN_INFINITE_RECURSION = YES;
				CLANG_WARN_INT_CONVERSION = YES;
				CLANG_WARN_NON_LITERAL_NULL_CONVERSION = YES;
				CLANG_WARN_OBJC_IMPLICIT_RETAIN_SELF = YES;
				CLANG_WARN_OBJC_LITERAL_CONVERSION = YES;
				CLANG_WARN_OBJC_ROOT_CLASS = YES_ERROR;
				CLANG_WARN_QUOTED_INCLUDE_IN_FRAMEWORK_HEADER = YES;
				CLANG_WARN_RANGE_LOOP_ANALYSIS = YES;
				CLANG_WARN_STRICT_PROTOTYPES = YES;
				CLANG_WARN_SUSPICIOUS_MOVE = YES;
				CLANG_WARN_UNGUARDED_AVAILABILITY = YES_AGGRESSIVE;
				CLANG_WARN_UNREACHABLE_CODE = YES;
				CLANG_WARN__DUPLICATE_METHOD_MATCH = YES;
				COPY_PHASE_STRIP = NO;
				DEBUG_INFORMATION_FORMAT = "dwarf-with-dsym";
				ENABLE_NS_ASSERTIONS = NO;
				ENABLE_STRICT_OBJC_MSGSEND = YES;
				GCC_C_LANGUAGE_STANDARD = gnu11;
				GCC_NO_COMMON_BLOCKS = YES;
				GCC_WARN_64_TO_32_BIT_CONVERSION = YES;
				GCC_WARN_ABOUT_RETURN_TYPE = YES_ERROR;
				GCC_WARN_UNDECLARED_SELECTOR = YES;
				GCC_WARN_UNINITIALIZED_AUTOS = YES_AGGRESSIVE;
				GCC_WARN_UNUSED_FUNCTION = YES;
				GCC_WARN_UNUSED_VARIABLE = YES;
				IPHONEOS_DEPLOYMENT_TARGET = 15.5;
				MTL_ENABLE_DEBUG_INFO = NO;
				MTL_FAST_MATH = YES;
				SDKROOT = iphoneos;
				SWIFT_COMPILATION_MODE = wholemodule;
				SWIFT_OPTIMIZATION_LEVEL = "-O";
				VALIDATE_PRODUCT = YES;
			};
			name = Release;
		};
		9181D112286C954100529C94 /* Debug */ = {
			isa = XCBuildConfiguration;
			buildSettings = {
				ASSETCATALOG_COMPILER_APPICON_NAME = AppIcon;
				ASSETCATALOG_COMPILER_GLOBAL_ACCENT_COLOR_NAME = AccentColor;
				CODE_SIGN_STYLE = Automatic;
				CURRENT_PROJECT_VERSION = 1;
				DEVELOPMENT_ASSET_PATHS = "\"MetalApp/Preview Content\"";
				DEVELOPMENT_TEAM = ZWXN4J2VCP;
				ENABLE_PREVIEWS = YES;
				GENERATE_INFOPLIST_FILE = YES;
				INFOPLIST_KEY_UIApplicationSceneManifest_Generation = YES;
				INFOPLIST_KEY_UIApplicationSupportsIndirectInputEvents = YES;
				INFOPLIST_KEY_UILaunchScreen_Generation = YES;
				INFOPLIST_KEY_UISupportedInterfaceOrientations_iPad = "UIInterfaceOrientationPortrait UIInterfaceOrientationPortraitUpsideDown UIInterfaceOrientationLandscapeLeft UIInterfaceOrientationLandscapeRight";
				INFOPLIST_KEY_UISupportedInterfaceOrientations_iPhone = "UIInterfaceOrientationPortrait UIInterfaceOrientationLandscapeLeft UIInterfaceOrientationLandscapeRight";
				LD_RUNPATH_SEARCH_PATHS = (
					"$(inherited)",
					"@executable_path/Frameworks",
				);
				MARKETING_VERSION = 1.0;
				PRODUCT_BUNDLE_IDENTIFIER = com.nikolai.MetalApp;
				PRODUCT_NAME = "$(TARGET_NAME)";
				SWIFT_EMIT_LOC_STRINGS = YES;
				SWIFT_VERSION = 5.0;
				TARGETED_DEVICE_FAMILY = "1,2";
			};
			name = Debug;
		};
		9181D113286C954100529C94 /* Release */ = {
			isa = XCBuildConfiguration;
			buildSettings = {
				ASSETCATALOG_COMPILER_APPICON_NAME = AppIcon;
				ASSETCATALOG_COMPILER_GLOBAL_ACCENT_COLOR_NAME = AccentColor;
				CODE_SIGN_STYLE = Automatic;
				CURRENT_PROJECT_VERSION = 1;
				DEVELOPMENT_ASSET_PATHS = "\"MetalApp/Preview Content\"";
				DEVELOPMENT_TEAM = ZWXN4J2VCP;
				ENABLE_PREVIEWS = YES;
				GENERATE_INFOPLIST_FILE = YES;
				INFOPLIST_KEY_UIApplicationSceneManifest_Generation = YES;
				INFOPLIST_KEY_UIApplicationSupportsIndirectInputEvents = YES;
				INFOPLIST_KEY_UILaunchScreen_Generation = YES;
				INFOPLIST_KEY_UISupportedInterfaceOrientations_iPad = "UIInterfaceOrientationPortrait UIInterfaceOrientationPortraitUpsideDown UIInterfaceOrientationLandscapeLeft UIInterfaceOrientationLandscapeRight";
				INFOPLIST_KEY_UISupportedInterfaceOrientations_iPhone = "UIInterfaceOrientationPortrait UIInterfaceOrientationLandscapeLeft UIInterfaceOrientationLandscapeRight";
				LD_RUNPATH_SEARCH_PATHS = (
					"$(inherited)",
					"@executable_path/Frameworks",
				);
				MARKETING_VERSION = 1.0;
				PRODUCT_BUNDLE_IDENTIFIER = com.nikolai.MetalApp;
				PRODUCT_NAME = "$(TARGET_NAME)";
				SWIFT_EMIT_LOC_STRINGS = YES;
				SWIFT_VERSION = 5.0;
				TARGETED_DEVICE_FAMILY = "1,2";
			};
			name = Release;
		};
/* End XCBuildConfiguration section */

/* Begin XCConfigurationList section */
		9181D0FE286C953E00529C94 /* Build configuration list for PBXProject "MetalApp" */ = {
			isa = XCConfigurationList;
			buildConfigurations = (
				9181D10F286C954100529C94 /* Debug */,
				9181D110286C954100529C94 /* Release */,
			);
			defaultConfigurationIsVisible = 0;
			defaultConfigurationName = Release;
		};
		9181D111286C954100529C94 /* Build configuration list for PBXNativeTarget "MetalApp" */ = {
			isa = XCConfigurationList;
			buildConfigurations = (
				9181D112286C954100529C94 /* Debug */,
				9181D113286C954100529C94 /* Release */,
			);
			defaultConfigurationIsVisible = 0;
			defaultConfigurationName = Release;
		};
/* End XCConfigurationList section */
	};
	rootObject = 9181D0FB286C953E00529C94 /* Project object */;
}
